// !$*UTF8*$!
{
	archiveVersion = 1;
	classes = {
	};
	objectVersion = 52;
	objects = {

/* Begin PBXBuildFile section */
		EB05395B232FF175007880BB /* OrganizationsDataSource.swift in Sources */ = {isa = PBXBuildFile; fileRef = EB05395A232FF175007880BB /* OrganizationsDataSource.swift */; };
		EB0E5B5B237B258A00BC67AB /* KeyboardResponder.swift in Sources */ = {isa = PBXBuildFile; fileRef = EB0E5B5A237B258A00BC67AB /* KeyboardResponder.swift */; };
		EB10054323434AF500E0973F /* ActivityIndicator.swift in Sources */ = {isa = PBXBuildFile; fileRef = EB10054223434AF500E0973F /* ActivityIndicator.swift */; };
		EB1005442346668A00E0973F /* Product_11.png in Resources */ = {isa = PBXBuildFile; fileRef = EBD22A3722CBFBCD000DFD41 /* Product_11.png */; };
		EB1005452346669900E0973F /* Product_10.png in Resources */ = {isa = PBXBuildFile; fileRef = EBD22A3622CBFBCD000DFD41 /* Product_10.png */; };
		EB296F66238DC3A700EE6135 /* FlagsView.swift in Sources */ = {isa = PBXBuildFile; fileRef = EB296F65238DC3A700EE6135 /* FlagsView.swift */; };
		EB296F68238DC59500EE6135 /* FlagIcon.swift in Sources */ = {isa = PBXBuildFile; fileRef = EB296F67238DC59500EE6135 /* FlagIcon.swift */; };
		EB3CC52A22F34E520070139F /* Newspilot in Frameworks */ = {isa = PBXBuildFile; productRef = EB3CC52922F34E520070139F /* Newspilot */; };
		EB41EA502347992A00550428 /* PageList.swift in Sources */ = {isa = PBXBuildFile; fileRef = EB41EA4F2347992A00550428 /* PageList.swift */; };
		EB41EA5223479D2200550428 /* PublicationDateQuery.swift in Sources */ = {isa = PBXBuildFile; fileRef = EB41EA5123479D2200550428 /* PublicationDateQuery.swift */; };
		EB41EA542347A32D00550428 /* PublicationDate.swift in Sources */ = {isa = PBXBuildFile; fileRef = EB41EA532347A32D00550428 /* PublicationDate.swift */; };
		EB41EA562348BF0A00550428 /* PageQuery.swift in Sources */ = {isa = PBXBuildFile; fileRef = EB41EA552348BF0A00550428 /* PageQuery.swift */; };
		EB41EA582348BF7400550428 /* Page.swift in Sources */ = {isa = PBXBuildFile; fileRef = EB41EA572348BF7400550428 /* Page.swift */; };
		EB5435102322EC61004EE63F /* OrganizationsQuery.swift in Sources */ = {isa = PBXBuildFile; fileRef = EB54350F2322EC61004EE63F /* OrganizationsQuery.swift */; };
		EB5435122322EC72004EE63F /* OrganizationsViewModel.swift in Sources */ = {isa = PBXBuildFile; fileRef = EB5435112322EC72004EE63F /* OrganizationsViewModel.swift */; };
		EB5435162322F324004EE63F /* ColorExtensions.swift in Sources */ = {isa = PBXBuildFile; fileRef = EB5435152322F324004EE63F /* ColorExtensions.swift */; };
		EB5435182322F567004EE63F /* OrganizationList.swift in Sources */ = {isa = PBXBuildFile; fileRef = EB5435172322F567004EE63F /* OrganizationList.swift */; };
		EB54351A2322F824004EE63F /* OrganizationRowViewModel.swift in Sources */ = {isa = PBXBuildFile; fileRef = EB5435192322F824004EE63F /* OrganizationRowViewModel.swift */; };
		EB54351E2322FE1D004EE63F /* Organization.swift in Sources */ = {isa = PBXBuildFile; fileRef = EB54351D2322FE1D004EE63F /* Organization.swift */; };
		EB5435202322FE2D004EE63F /* Entity.swift in Sources */ = {isa = PBXBuildFile; fileRef = EB54351F2322FE2D004EE63F /* Entity.swift */; };
		EB5435222322FFF3004EE63F /* EntityType.swift in Sources */ = {isa = PBXBuildFile; fileRef = EB5435212322FFF3004EE63F /* EntityType.swift */; };
		EB564829236EC9ED00A5925F /* ValueProvider.swift in Sources */ = {isa = PBXBuildFile; fileRef = EB564828236EC9ED00A5925F /* ValueProvider.swift */; };
		EB56C5DB232B88AC00BF84A5 /* SubProduct.swift in Sources */ = {isa = PBXBuildFile; fileRef = EB56C5DA232B88AC00BF84A5 /* SubProduct.swift */; };
		EB6A0CCF23CCDBA800DD6CAE /* QGrid in Frameworks */ = {isa = PBXBuildFile; productRef = EB6A0CCE23CCDBA800DD6CAE /* QGrid */; };
		EB6A0CD123CCF2B300DD6CAE /* PageCollectionCell.swift in Sources */ = {isa = PBXBuildFile; fileRef = EB6A0CD023CCF2B300DD6CAE /* PageCollectionCell.swift */; };
		EB6A0CD323CD0ED200DD6CAE /* GridStack.swift in Sources */ = {isa = PBXBuildFile; fileRef = EB6A0CD223CD0ED200DD6CAE /* GridStack.swift */; };
		EB6AE6FF233A8A2E0020A501 /* LoginHandler.swift in Sources */ = {isa = PBXBuildFile; fileRef = EB6AE6FE233A8A2E0020A501 /* LoginHandler.swift */; };
		EB6C22672358C7D400101147 /* PageListCell.swift in Sources */ = {isa = PBXBuildFile; fileRef = EB6C22662358C7D400101147 /* PageListCell.swift */; };
		EB6C22692358CC0C00101147 /* PageViewModel.swift in Sources */ = {isa = PBXBuildFile; fileRef = EB6C22682358CC0C00101147 /* PageViewModel.swift */; };
		EB6C226B2358CD1C00101147 /* PageModelAdapter.swift in Sources */ = {isa = PBXBuildFile; fileRef = EB6C226A2358CD1C00101147 /* PageModelAdapter.swift */; };
		EB6C226D2359090000101147 /* StatusQuery.swift in Sources */ = {isa = PBXBuildFile; fileRef = EB6C226C2359090000101147 /* StatusQuery.swift */; };
		EB6C226F23590AAD00101147 /* Status.swift in Sources */ = {isa = PBXBuildFile; fileRef = EB6C226E23590AAD00101147 /* Status.swift */; };
		EB6C22722359D0C400101147 /* SDWebImageSwiftUI in Frameworks */ = {isa = PBXBuildFile; productRef = EB6C22712359D0C400101147 /* SDWebImageSwiftUI */; };
		EB6C22752359DC4500101147 /* SDWebImageSwiftUI in Frameworks */ = {isa = PBXBuildFile; productRef = EB6C22742359DC4500101147 /* SDWebImageSwiftUI */; };
		EB6C22772359DCDC00101147 /* Section.swift in Sources */ = {isa = PBXBuildFile; fileRef = EB6C22762359DCDC00101147 /* Section.swift */; };
		EB6C2279235E3D1500101147 /* PageFilter.swift in Sources */ = {isa = PBXBuildFile; fileRef = EB6C2278235E3D1500101147 /* PageFilter.swift */; };
		EB6C227D235E56B600101147 /* PageFilterView.swift in Sources */ = {isa = PBXBuildFile; fileRef = EB6C227C235E56B600101147 /* PageFilterView.swift */; };
		EB6C22812360AAFD00101147 /* SubProductSettings.swift in Sources */ = {isa = PBXBuildFile; fileRef = EB6C22802360AAFD00101147 /* SubProductSettings.swift */; };
		EB6C22832360AC1300101147 /* SubProductTests.swift in Sources */ = {isa = PBXBuildFile; fileRef = EB6C22822360AC1300101147 /* SubProductTests.swift */; };
		EB6C2285236233C100101147 /* BackKey.swift in Sources */ = {isa = PBXBuildFile; fileRef = EB6C2284236233C100101147 /* BackKey.swift */; };
		EB6C22882368BBBF00101147 /* PageControl.swift in Sources */ = {isa = PBXBuildFile; fileRef = EB6C22872368BBBF00101147 /* PageControl.swift */; };
		EB6C228A2368BC7F00101147 /* PageDetailsView.swift in Sources */ = {isa = PBXBuildFile; fileRef = EB6C22892368BC7F00101147 /* PageDetailsView.swift */; };
		EB6C228C2368BCB400101147 /* PageViewController.swift in Sources */ = {isa = PBXBuildFile; fileRef = EB6C228B2368BCB400101147 /* PageViewController.swift */; };
		EB6C228E2368BFD300101147 /* PageDetailView.swift in Sources */ = {isa = PBXBuildFile; fileRef = EB6C228D2368BFD300101147 /* PageDetailView.swift */; };
		EB7B9DAF22C7EDC7009EB2BE /* AppDelegate.swift in Sources */ = {isa = PBXBuildFile; fileRef = EB7B9DAE22C7EDC7009EB2BE /* AppDelegate.swift */; };
		EB7B9DB122C7EDC7009EB2BE /* SceneDelegate.swift in Sources */ = {isa = PBXBuildFile; fileRef = EB7B9DB022C7EDC7009EB2BE /* SceneDelegate.swift */; };
		EB7B9DB822C7EDC9009EB2BE /* Assets.xcassets in Resources */ = {isa = PBXBuildFile; fileRef = EB7B9DB722C7EDC9009EB2BE /* Assets.xcassets */; };
		EB7B9DBB22C7EDC9009EB2BE /* Preview Assets.xcassets in Resources */ = {isa = PBXBuildFile; fileRef = EB7B9DBA22C7EDC9009EB2BE /* Preview Assets.xcassets */; };
		EB7B9DBE22C7EDC9009EB2BE /* LaunchScreen.storyboard in Resources */ = {isa = PBXBuildFile; fileRef = EB7B9DBC22C7EDC9009EB2BE /* LaunchScreen.storyboard */; };
		EB7B9DC922C7EDC9009EB2BE /* NewspilotObserver_SwiftUITests.swift in Sources */ = {isa = PBXBuildFile; fileRef = EB7B9DC822C7EDC9009EB2BE /* NewspilotObserver_SwiftUITests.swift */; };
		EB7B9E3022C7F86E009EB2BE /* EntityQuery.swift in Sources */ = {isa = PBXBuildFile; fileRef = EB7B9E2B22C7F86E009EB2BE /* EntityQuery.swift */; };
		EB7B9E3122C7F86E009EB2BE /* NotConnectedView.swift in Sources */ = {isa = PBXBuildFile; fileRef = EB7B9E2C22C7F86E009EB2BE /* NotConnectedView.swift */; };
		EB7B9E3222C7F86E009EB2BE /* Calendar+StartStop.swift in Sources */ = {isa = PBXBuildFile; fileRef = EB7B9E2D22C7F86E009EB2BE /* Calendar+StartStop.swift */; };
		EB7B9E3322C7F86E009EB2BE /* Notification.Name+ConnectionStatus.swift in Sources */ = {isa = PBXBuildFile; fileRef = EB7B9E2E22C7F86E009EB2BE /* Notification.Name+ConnectionStatus.swift */; };
		EB7B9E4622C80088009EB2BE /* OSLog+NewspilotObserver.swift in Sources */ = {isa = PBXBuildFile; fileRef = EB7B9E3F22C80087009EB2BE /* OSLog+NewspilotObserver.swift */; };
		EB7B9E4722C80088009EB2BE /* ProductImageFactory.swift in Sources */ = {isa = PBXBuildFile; fileRef = EB7B9E4022C80088009EB2BE /* ProductImageFactory.swift */; };
		EB7B9E4A22C80088009EB2BE /* String+UppercaseCharacters.swift in Sources */ = {isa = PBXBuildFile; fileRef = EB7B9E4322C80088009EB2BE /* String+UppercaseCharacters.swift */; };
		EB7B9E4B22C80088009EB2BE /* UIImage+Rezise.swift in Sources */ = {isa = PBXBuildFile; fileRef = EB7B9E4422C80088009EB2BE /* UIImage+Rezise.swift */; };
		EB8CE4BE233170C8000A03A2 /* LoginView.swift in Sources */ = {isa = PBXBuildFile; fileRef = EB8CE4BD233170C8000A03A2 /* LoginView.swift */; };
		EB8CE4C023317D08000A03A2 /* UserDefault.swift in Sources */ = {isa = PBXBuildFile; fileRef = EB8CE4BF23317D08000A03A2 /* UserDefault.swift */; };
		EB8CE4C223317D5B000A03A2 /* LoginSettings.swift in Sources */ = {isa = PBXBuildFile; fileRef = EB8CE4C123317D5B000A03A2 /* LoginSettings.swift */; };
		EB953D8A232C058800E65A73 /* SubProductList.swift in Sources */ = {isa = PBXBuildFile; fileRef = EB953D89232C058800E65A73 /* SubProductList.swift */; };
		EB995C4623A38D97006C9F84 /* ColorExtensionTests.swift in Sources */ = {isa = PBXBuildFile; fileRef = EB995C4523A38D97006C9F84 /* ColorExtensionTests.swift */; };
		EBA13CBB23A8D67E00FFB830 /* BottomSheetView.swift in Sources */ = {isa = PBXBuildFile; fileRef = EBA13CBA23A8D67E00FFB830 /* BottomSheetView.swift */; };
		EBA13CBD23A980B500FFB830 /* ApplicationView.swift in Sources */ = {isa = PBXBuildFile; fileRef = EBA13CBC23A980B500FFB830 /* ApplicationView.swift */; };
		EBA5F199236D6C230011E3EF /* OrderedArray.swift in Sources */ = {isa = PBXBuildFile; fileRef = EBA5F198236D6C230011E3EF /* OrderedArray.swift */; };
		EBD22A3F22CBFBCD000DFD41 /* Product_15.png in Resources */ = {isa = PBXBuildFile; fileRef = EBD22A2522CBFBCD000DFD41 /* Product_15.png */; };
		EBD22A4022CBFBCD000DFD41 /* Product_0.png in Resources */ = {isa = PBXBuildFile; fileRef = EBD22A2622CBFBCD000DFD41 /* Product_0.png */; };
		EBD22A4122CBFBCD000DFD41 /* Product_16.png in Resources */ = {isa = PBXBuildFile; fileRef = EBD22A2722CBFBCD000DFD41 /* Product_16.png */; };
		EBD22A4222CBFBCD000DFD41 /* Product_13.png in Resources */ = {isa = PBXBuildFile; fileRef = EBD22A2822CBFBCD000DFD41 /* Product_13.png */; };
		EBD22A4322CBFBCD000DFD41 /* Product_12.png in Resources */ = {isa = PBXBuildFile; fileRef = EBD22A2922CBFBCD000DFD41 /* Product_12.png */; };
		EBD22A4422CBFBCD000DFD41 /* Product_39.png in Resources */ = {isa = PBXBuildFile; fileRef = EBD22A2A22CBFBCD000DFD41 /* Product_39.png */; };
		EBD22A4522CBFBCD000DFD41 /* Product_20.png in Resources */ = {isa = PBXBuildFile; fileRef = EBD22A2B22CBFBCD000DFD41 /* Product_20.png */; };
		EBD22A4622CBFBCD000DFD41 /* Product_35.png in Resources */ = {isa = PBXBuildFile; fileRef = EBD22A2C22CBFBCD000DFD41 /* Product_35.png */; };
		EBD22A4722CBFBCD000DFD41 /* Product_21.png in Resources */ = {isa = PBXBuildFile; fileRef = EBD22A2D22CBFBCD000DFD41 /* Product_21.png */; };
		EBD22A4822CBFBCD000DFD41 /* Product_25.png in Resources */ = {isa = PBXBuildFile; fileRef = EBD22A2E22CBFBCD000DFD41 /* Product_25.png */; };
		EBD22A4922CBFBCD000DFD41 /* Product_31.png in Resources */ = {isa = PBXBuildFile; fileRef = EBD22A2F22CBFBCD000DFD41 /* Product_31.png */; };
		EBD22A4A22CBFBCD000DFD41 /* Product_ot.png in Resources */ = {isa = PBXBuildFile; fileRef = EBD22A3022CBFBCD000DFD41 /* Product_ot.png */; };
		EBD22A5422CBFBCD000DFD41 /* EmptyPagePreview.png in Resources */ = {isa = PBXBuildFile; fileRef = EBD22A3A22CBFBCD000DFD41 /* EmptyPagePreview.png */; };
		EBD22A5622CBFBCD000DFD41 /* EmptyPageThumb.png in Resources */ = {isa = PBXBuildFile; fileRef = EBD22A3C22CBFBCD000DFD41 /* EmptyPageThumb.png */; };
		EBDCC32F23BE092E0092A6FE /* BannerModifier.swift in Sources */ = {isa = PBXBuildFile; fileRef = EBDCC32E23BE092E0092A6FE /* BannerModifier.swift */; };
		EBDCC33123BE09F00092A6FE /* View+Banner.swift in Sources */ = {isa = PBXBuildFile; fileRef = EBDCC33023BE09F00092A6FE /* View+Banner.swift */; };
		EBE97AA623833DF3005CACDB /* PageFlagQuery.swift in Sources */ = {isa = PBXBuildFile; fileRef = EBE97AA523833DF3005CACDB /* PageFlagQuery.swift */; };
		EBE97AA8238340A2005CACDB /* EntityFlag.swift in Sources */ = {isa = PBXBuildFile; fileRef = EBE97AA7238340A2005CACDB /* EntityFlag.swift */; };
		EBEED2372327CBE400746C69 /* ProductRowViewModel.swift in Sources */ = {isa = PBXBuildFile; fileRef = EBEED2362327CBE400746C69 /* ProductRowViewModel.swift */; };
		EBEED2392327D46E00746C69 /* ProductRow.swift in Sources */ = {isa = PBXBuildFile; fileRef = EBEED2382327D46E00746C69 /* ProductRow.swift */; };
		EBF1F63D23C641D5007A5088 /* ConnectionModifier.swift in Sources */ = {isa = PBXBuildFile; fileRef = EBF1F63C23C641D5007A5088 /* ConnectionModifier.swift */; };
		EBF8055B23277C3D00C5590A /* Product.swift in Sources */ = {isa = PBXBuildFile; fileRef = EBF8055A23277C3D00C5590A /* Product.swift */; };
/* End PBXBuildFile section */

/* Begin PBXContainerItemProxy section */
		EB7B9DC522C7EDC9009EB2BE /* PBXContainerItemProxy */ = {
			isa = PBXContainerItemProxy;
			containerPortal = EB7B9DA322C7EDC7009EB2BE /* Project object */;
			proxyType = 1;
			remoteGlobalIDString = EB7B9DAA22C7EDC7009EB2BE;
			remoteInfo = "NewspilotObserver-SwiftUI";
		};
/* End PBXContainerItemProxy section */

/* Begin PBXFileReference section */
		EB05395A232FF175007880BB /* OrganizationsDataSource.swift */ = {isa = PBXFileReference; lastKnownFileType = sourcecode.swift; path = OrganizationsDataSource.swift; sourceTree = "<group>"; };
		EB0E5B5A237B258A00BC67AB /* KeyboardResponder.swift */ = {isa = PBXFileReference; lastKnownFileType = sourcecode.swift; path = KeyboardResponder.swift; sourceTree = "<group>"; };
		EB10054223434AF500E0973F /* ActivityIndicator.swift */ = {isa = PBXFileReference; lastKnownFileType = sourcecode.swift; path = ActivityIndicator.swift; sourceTree = "<group>"; };
		EB296F65238DC3A700EE6135 /* FlagsView.swift */ = {isa = PBXFileReference; lastKnownFileType = sourcecode.swift; path = FlagsView.swift; sourceTree = "<group>"; };
		EB296F67238DC59500EE6135 /* FlagIcon.swift */ = {isa = PBXFileReference; lastKnownFileType = sourcecode.swift; path = FlagIcon.swift; sourceTree = "<group>"; };
		EB41EA4F2347992A00550428 /* PageList.swift */ = {isa = PBXFileReference; lastKnownFileType = sourcecode.swift; path = PageList.swift; sourceTree = "<group>"; };
		EB41EA5123479D2200550428 /* PublicationDateQuery.swift */ = {isa = PBXFileReference; lastKnownFileType = sourcecode.swift; path = PublicationDateQuery.swift; sourceTree = "<group>"; };
		EB41EA532347A32D00550428 /* PublicationDate.swift */ = {isa = PBXFileReference; lastKnownFileType = sourcecode.swift; path = PublicationDate.swift; sourceTree = "<group>"; };
		EB41EA552348BF0A00550428 /* PageQuery.swift */ = {isa = PBXFileReference; lastKnownFileType = sourcecode.swift; path = PageQuery.swift; sourceTree = "<group>"; };
		EB41EA572348BF7400550428 /* Page.swift */ = {isa = PBXFileReference; lastKnownFileType = sourcecode.swift; path = Page.swift; sourceTree = "<group>"; };
		EB54350F2322EC61004EE63F /* OrganizationsQuery.swift */ = {isa = PBXFileReference; lastKnownFileType = sourcecode.swift; path = OrganizationsQuery.swift; sourceTree = "<group>"; };
		EB5435112322EC72004EE63F /* OrganizationsViewModel.swift */ = {isa = PBXFileReference; lastKnownFileType = sourcecode.swift; path = OrganizationsViewModel.swift; sourceTree = "<group>"; };
		EB5435152322F324004EE63F /* ColorExtensions.swift */ = {isa = PBXFileReference; fileEncoding = 4; lastKnownFileType = sourcecode.swift; path = ColorExtensions.swift; sourceTree = "<group>"; };
		EB5435172322F567004EE63F /* OrganizationList.swift */ = {isa = PBXFileReference; lastKnownFileType = sourcecode.swift; path = OrganizationList.swift; sourceTree = "<group>"; };
		EB5435192322F824004EE63F /* OrganizationRowViewModel.swift */ = {isa = PBXFileReference; lastKnownFileType = sourcecode.swift; path = OrganizationRowViewModel.swift; sourceTree = "<group>"; };
		EB54351D2322FE1D004EE63F /* Organization.swift */ = {isa = PBXFileReference; lastKnownFileType = sourcecode.swift; path = Organization.swift; sourceTree = "<group>"; };
		EB54351F2322FE2D004EE63F /* Entity.swift */ = {isa = PBXFileReference; lastKnownFileType = sourcecode.swift; path = Entity.swift; sourceTree = "<group>"; };
		EB5435212322FFF3004EE63F /* EntityType.swift */ = {isa = PBXFileReference; lastKnownFileType = sourcecode.swift; path = EntityType.swift; sourceTree = "<group>"; };
		EB564828236EC9ED00A5925F /* ValueProvider.swift */ = {isa = PBXFileReference; lastKnownFileType = sourcecode.swift; path = ValueProvider.swift; sourceTree = "<group>"; };
		EB56C5DA232B88AC00BF84A5 /* SubProduct.swift */ = {isa = PBXFileReference; lastKnownFileType = sourcecode.swift; path = SubProduct.swift; sourceTree = "<group>"; };
		EB6A0CD023CCF2B300DD6CAE /* PageCollectionCell.swift */ = {isa = PBXFileReference; fileEncoding = 4; lastKnownFileType = sourcecode.swift; path = PageCollectionCell.swift; sourceTree = "<group>"; };
		EB6A0CD223CD0ED200DD6CAE /* GridStack.swift */ = {isa = PBXFileReference; lastKnownFileType = sourcecode.swift; path = GridStack.swift; sourceTree = "<group>"; };
		EB6AE6FE233A8A2E0020A501 /* LoginHandler.swift */ = {isa = PBXFileReference; lastKnownFileType = sourcecode.swift; path = LoginHandler.swift; sourceTree = "<group>"; };
		EB6C22662358C7D400101147 /* PageListCell.swift */ = {isa = PBXFileReference; lastKnownFileType = sourcecode.swift; path = PageListCell.swift; sourceTree = "<group>"; };
		EB6C22682358CC0C00101147 /* PageViewModel.swift */ = {isa = PBXFileReference; lastKnownFileType = sourcecode.swift; path = PageViewModel.swift; sourceTree = "<group>"; };
		EB6C226A2358CD1C00101147 /* PageModelAdapter.swift */ = {isa = PBXFileReference; lastKnownFileType = sourcecode.swift; path = PageModelAdapter.swift; sourceTree = "<group>"; };
		EB6C226C2359090000101147 /* StatusQuery.swift */ = {isa = PBXFileReference; lastKnownFileType = sourcecode.swift; path = StatusQuery.swift; sourceTree = "<group>"; };
		EB6C226E23590AAD00101147 /* Status.swift */ = {isa = PBXFileReference; lastKnownFileType = sourcecode.swift; path = Status.swift; sourceTree = "<group>"; };
		EB6C22762359DCDC00101147 /* Section.swift */ = {isa = PBXFileReference; lastKnownFileType = sourcecode.swift; path = Section.swift; sourceTree = "<group>"; };
		EB6C2278235E3D1500101147 /* PageFilter.swift */ = {isa = PBXFileReference; lastKnownFileType = sourcecode.swift; path = PageFilter.swift; sourceTree = "<group>"; };
		EB6C227C235E56B600101147 /* PageFilterView.swift */ = {isa = PBXFileReference; lastKnownFileType = sourcecode.swift; path = PageFilterView.swift; sourceTree = "<group>"; };
		EB6C22802360AAFD00101147 /* SubProductSettings.swift */ = {isa = PBXFileReference; lastKnownFileType = sourcecode.swift; path = SubProductSettings.swift; sourceTree = "<group>"; };
		EB6C22822360AC1300101147 /* SubProductTests.swift */ = {isa = PBXFileReference; lastKnownFileType = sourcecode.swift; path = SubProductTests.swift; sourceTree = "<group>"; };
		EB6C2284236233C100101147 /* BackKey.swift */ = {isa = PBXFileReference; lastKnownFileType = sourcecode.swift; path = BackKey.swift; sourceTree = "<group>"; };
		EB6C22872368BBBF00101147 /* PageControl.swift */ = {isa = PBXFileReference; lastKnownFileType = sourcecode.swift; path = PageControl.swift; sourceTree = "<group>"; };
		EB6C22892368BC7F00101147 /* PageDetailsView.swift */ = {isa = PBXFileReference; lastKnownFileType = sourcecode.swift; path = PageDetailsView.swift; sourceTree = "<group>"; };
		EB6C228B2368BCB400101147 /* PageViewController.swift */ = {isa = PBXFileReference; lastKnownFileType = sourcecode.swift; path = PageViewController.swift; sourceTree = "<group>"; };
		EB6C228D2368BFD300101147 /* PageDetailView.swift */ = {isa = PBXFileReference; lastKnownFileType = sourcecode.swift; path = PageDetailView.swift; sourceTree = "<group>"; };
		EB7B9DAB22C7EDC7009EB2BE /* NewspilotObserver-SwiftUI.app */ = {isa = PBXFileReference; explicitFileType = wrapper.application; includeInIndex = 0; path = "NewspilotObserver-SwiftUI.app"; sourceTree = BUILT_PRODUCTS_DIR; };
		EB7B9DAE22C7EDC7009EB2BE /* AppDelegate.swift */ = {isa = PBXFileReference; lastKnownFileType = sourcecode.swift; path = AppDelegate.swift; sourceTree = "<group>"; };
		EB7B9DB022C7EDC7009EB2BE /* SceneDelegate.swift */ = {isa = PBXFileReference; lastKnownFileType = sourcecode.swift; path = SceneDelegate.swift; sourceTree = "<group>"; };
		EB7B9DB722C7EDC9009EB2BE /* Assets.xcassets */ = {isa = PBXFileReference; lastKnownFileType = folder.assetcatalog; path = Assets.xcassets; sourceTree = "<group>"; };
		EB7B9DBA22C7EDC9009EB2BE /* Preview Assets.xcassets */ = {isa = PBXFileReference; lastKnownFileType = folder.assetcatalog; path = "Preview Assets.xcassets"; sourceTree = "<group>"; };
		EB7B9DBD22C7EDC9009EB2BE /* Base */ = {isa = PBXFileReference; lastKnownFileType = file.storyboard; name = Base; path = Base.lproj/LaunchScreen.storyboard; sourceTree = "<group>"; };
		EB7B9DBF22C7EDC9009EB2BE /* Info.plist */ = {isa = PBXFileReference; lastKnownFileType = text.plist.xml; path = Info.plist; sourceTree = "<group>"; };
		EB7B9DC422C7EDC9009EB2BE /* NewspilotObserver-SwiftUITests.xctest */ = {isa = PBXFileReference; explicitFileType = wrapper.cfbundle; includeInIndex = 0; path = "NewspilotObserver-SwiftUITests.xctest"; sourceTree = BUILT_PRODUCTS_DIR; };
		EB7B9DC822C7EDC9009EB2BE /* NewspilotObserver_SwiftUITests.swift */ = {isa = PBXFileReference; lastKnownFileType = sourcecode.swift; path = NewspilotObserver_SwiftUITests.swift; sourceTree = "<group>"; };
		EB7B9DCA22C7EDC9009EB2BE /* Info.plist */ = {isa = PBXFileReference; lastKnownFileType = text.plist.xml; path = Info.plist; sourceTree = "<group>"; };
		EB7B9E2B22C7F86E009EB2BE /* EntityQuery.swift */ = {isa = PBXFileReference; fileEncoding = 4; lastKnownFileType = sourcecode.swift; path = EntityQuery.swift; sourceTree = "<group>"; };
		EB7B9E2C22C7F86E009EB2BE /* NotConnectedView.swift */ = {isa = PBXFileReference; fileEncoding = 4; lastKnownFileType = sourcecode.swift; path = NotConnectedView.swift; sourceTree = "<group>"; };
		EB7B9E2D22C7F86E009EB2BE /* Calendar+StartStop.swift */ = {isa = PBXFileReference; fileEncoding = 4; lastKnownFileType = sourcecode.swift; path = "Calendar+StartStop.swift"; sourceTree = "<group>"; };
		EB7B9E2E22C7F86E009EB2BE /* Notification.Name+ConnectionStatus.swift */ = {isa = PBXFileReference; fileEncoding = 4; lastKnownFileType = sourcecode.swift; path = "Notification.Name+ConnectionStatus.swift"; sourceTree = "<group>"; };
		EB7B9E3F22C80087009EB2BE /* OSLog+NewspilotObserver.swift */ = {isa = PBXFileReference; fileEncoding = 4; lastKnownFileType = sourcecode.swift; path = "OSLog+NewspilotObserver.swift"; sourceTree = "<group>"; };
		EB7B9E4022C80088009EB2BE /* ProductImageFactory.swift */ = {isa = PBXFileReference; fileEncoding = 4; lastKnownFileType = sourcecode.swift; path = ProductImageFactory.swift; sourceTree = "<group>"; };
		EB7B9E4322C80088009EB2BE /* String+UppercaseCharacters.swift */ = {isa = PBXFileReference; fileEncoding = 4; lastKnownFileType = sourcecode.swift; path = "String+UppercaseCharacters.swift"; sourceTree = "<group>"; };
		EB7B9E4422C80088009EB2BE /* UIImage+Rezise.swift */ = {isa = PBXFileReference; fileEncoding = 4; lastKnownFileType = sourcecode.swift; path = "UIImage+Rezise.swift"; sourceTree = "<group>"; };
		EB8CE4BD233170C8000A03A2 /* LoginView.swift */ = {isa = PBXFileReference; lastKnownFileType = sourcecode.swift; path = LoginView.swift; sourceTree = "<group>"; };
		EB8CE4BF23317D08000A03A2 /* UserDefault.swift */ = {isa = PBXFileReference; lastKnownFileType = sourcecode.swift; path = UserDefault.swift; sourceTree = "<group>"; };
		EB8CE4C123317D5B000A03A2 /* LoginSettings.swift */ = {isa = PBXFileReference; lastKnownFileType = sourcecode.swift; path = LoginSettings.swift; sourceTree = "<group>"; };
		EB953D89232C058800E65A73 /* SubProductList.swift */ = {isa = PBXFileReference; lastKnownFileType = sourcecode.swift; path = SubProductList.swift; sourceTree = "<group>"; };
		EB995C4523A38D97006C9F84 /* ColorExtensionTests.swift */ = {isa = PBXFileReference; lastKnownFileType = sourcecode.swift; path = ColorExtensionTests.swift; sourceTree = "<group>"; };
		EBA13CBA23A8D67E00FFB830 /* BottomSheetView.swift */ = {isa = PBXFileReference; lastKnownFileType = sourcecode.swift; path = BottomSheetView.swift; sourceTree = "<group>"; };
		EBA13CBC23A980B500FFB830 /* ApplicationView.swift */ = {isa = PBXFileReference; lastKnownFileType = sourcecode.swift; path = ApplicationView.swift; sourceTree = "<group>"; };
		EBA5F198236D6C230011E3EF /* OrderedArray.swift */ = {isa = PBXFileReference; lastKnownFileType = sourcecode.swift; path = OrderedArray.swift; sourceTree = "<group>"; };
		EBD22A2322CBFBCD000DFD41 /* smd.png */ = {isa = PBXFileReference; lastKnownFileType = image.png; path = smd.png; sourceTree = "<group>"; };
		EBD22A2522CBFBCD000DFD41 /* Product_15.png */ = {isa = PBXFileReference; lastKnownFileType = image.png; path = Product_15.png; sourceTree = "<group>"; };
		EBD22A2622CBFBCD000DFD41 /* Product_0.png */ = {isa = PBXFileReference; lastKnownFileType = image.png; path = Product_0.png; sourceTree = "<group>"; };
		EBD22A2722CBFBCD000DFD41 /* Product_16.png */ = {isa = PBXFileReference; lastKnownFileType = image.png; path = Product_16.png; sourceTree = "<group>"; };
		EBD22A2822CBFBCD000DFD41 /* Product_13.png */ = {isa = PBXFileReference; lastKnownFileType = image.png; path = Product_13.png; sourceTree = "<group>"; };
		EBD22A2922CBFBCD000DFD41 /* Product_12.png */ = {isa = PBXFileReference; lastKnownFileType = image.png; path = Product_12.png; sourceTree = "<group>"; };
		EBD22A2A22CBFBCD000DFD41 /* Product_39.png */ = {isa = PBXFileReference; lastKnownFileType = image.png; path = Product_39.png; sourceTree = "<group>"; };
		EBD22A2B22CBFBCD000DFD41 /* Product_20.png */ = {isa = PBXFileReference; lastKnownFileType = image.png; path = Product_20.png; sourceTree = "<group>"; };
		EBD22A2C22CBFBCD000DFD41 /* Product_35.png */ = {isa = PBXFileReference; lastKnownFileType = image.png; path = Product_35.png; sourceTree = "<group>"; };
		EBD22A2D22CBFBCD000DFD41 /* Product_21.png */ = {isa = PBXFileReference; lastKnownFileType = image.png; path = Product_21.png; sourceTree = "<group>"; };
		EBD22A2E22CBFBCD000DFD41 /* Product_25.png */ = {isa = PBXFileReference; lastKnownFileType = image.png; path = Product_25.png; sourceTree = "<group>"; };
		EBD22A2F22CBFBCD000DFD41 /* Product_31.png */ = {isa = PBXFileReference; lastKnownFileType = image.png; path = Product_31.png; sourceTree = "<group>"; };
		EBD22A3022CBFBCD000DFD41 /* Product_ot.png */ = {isa = PBXFileReference; lastKnownFileType = image.png; path = Product_ot.png; sourceTree = "<group>"; };
		EBD22A3122CBFBCD000DFD41 /* trt.png */ = {isa = PBXFileReference; lastKnownFileType = image.png; path = trt.png; sourceTree = "<group>"; };
		EBD22A3222CBFBCD000DFD41 /* Product_29.png */ = {isa = PBXFileReference; lastKnownFileType = image.png; path = Product_29.png; sourceTree = "<group>"; };
		EBD22A3322CBFBCD000DFD41 /* Product_14.png */ = {isa = PBXFileReference; lastKnownFileType = image.png; path = Product_14.png; sourceTree = "<group>"; };
		EBD22A3422CBFBCD000DFD41 /* ft.png */ = {isa = PBXFileReference; lastKnownFileType = image.png; path = ft.png; sourceTree = "<group>"; };
		EBD22A3522CBFBCD000DFD41 /* Product_12.png */ = {isa = PBXFileReference; lastKnownFileType = image.png; path = Product_12.png; sourceTree = "<group>"; };
		EBD22A3622CBFBCD000DFD41 /* Product_10.png */ = {isa = PBXFileReference; lastKnownFileType = image.png; path = Product_10.png; sourceTree = "<group>"; };
		EBD22A3722CBFBCD000DFD41 /* Product_11.png */ = {isa = PBXFileReference; lastKnownFileType = image.png; path = Product_11.png; sourceTree = "<group>"; };
		EBD22A3822CBFBCD000DFD41 /* Product_20.png */ = {isa = PBXFileReference; lastKnownFileType = image.png; path = Product_20.png; sourceTree = "<group>"; };
		EBD22A3922CBFBCD000DFD41 /* sn.png */ = {isa = PBXFileReference; lastKnownFileType = image.png; path = sn.png; sourceTree = "<group>"; };
		EBD22A3A22CBFBCD000DFD41 /* EmptyPagePreview.png */ = {isa = PBXFileReference; lastKnownFileType = image.png; path = EmptyPagePreview.png; sourceTree = "<group>"; };
		EBD22A3B22CBFBCD000DFD41 /* sklt.png */ = {isa = PBXFileReference; lastKnownFileType = image.png; path = sklt.png; sourceTree = "<group>"; };
		EBD22A3C22CBFBCD000DFD41 /* EmptyPageThumb.png */ = {isa = PBXFileReference; lastKnownFileType = image.png; path = EmptyPageThumb.png; sourceTree = "<group>"; };
		EBD22A3D22CBFBCD000DFD41 /* vb.png */ = {isa = PBXFileReference; lastKnownFileType = image.png; path = vb.png; sourceTree = "<group>"; };
		EBDCC32E23BE092E0092A6FE /* BannerModifier.swift */ = {isa = PBXFileReference; lastKnownFileType = sourcecode.swift; path = BannerModifier.swift; sourceTree = "<group>"; };
		EBDCC33023BE09F00092A6FE /* View+Banner.swift */ = {isa = PBXFileReference; lastKnownFileType = sourcecode.swift; path = "View+Banner.swift"; sourceTree = "<group>"; };
		EBE97AA523833DF3005CACDB /* PageFlagQuery.swift */ = {isa = PBXFileReference; lastKnownFileType = sourcecode.swift; path = PageFlagQuery.swift; sourceTree = "<group>"; };
		EBE97AA7238340A2005CACDB /* EntityFlag.swift */ = {isa = PBXFileReference; lastKnownFileType = sourcecode.swift; path = EntityFlag.swift; sourceTree = "<group>"; };
		EBEA549923BF2E1F00B88B8B /* newspilotswiftclient */ = {isa = PBXFileReference; lastKnownFileType = folder; name = newspilotswiftclient; path = ../../NPProjekt/newspilotswiftclient; sourceTree = "<group>"; };
		EBEED2362327CBE400746C69 /* ProductRowViewModel.swift */ = {isa = PBXFileReference; lastKnownFileType = sourcecode.swift; path = ProductRowViewModel.swift; sourceTree = "<group>"; };
		EBEED2382327D46E00746C69 /* ProductRow.swift */ = {isa = PBXFileReference; lastKnownFileType = sourcecode.swift; path = ProductRow.swift; sourceTree = "<group>"; };
		EBF1F63C23C641D5007A5088 /* ConnectionModifier.swift */ = {isa = PBXFileReference; lastKnownFileType = sourcecode.swift; path = ConnectionModifier.swift; sourceTree = "<group>"; };
		EBF8055A23277C3D00C5590A /* Product.swift */ = {isa = PBXFileReference; lastKnownFileType = sourcecode.swift; path = Product.swift; sourceTree = "<group>"; };
/* End PBXFileReference section */

/* Begin PBXFrameworksBuildPhase section */
		EB7B9DA822C7EDC7009EB2BE /* Frameworks */ = {
			isa = PBXFrameworksBuildPhase;
			buildActionMask = 2147483647;
			files = (
				EB6A0CCF23CCDBA800DD6CAE /* QGrid in Frameworks */,
				EB6C22722359D0C400101147 /* SDWebImageSwiftUI in Frameworks */,
				EB3CC52A22F34E520070139F /* Newspilot in Frameworks */,
			);
			runOnlyForDeploymentPostprocessing = 0;
		};
		EB7B9DC122C7EDC9009EB2BE /* Frameworks */ = {
			isa = PBXFrameworksBuildPhase;
			buildActionMask = 2147483647;
			files = (
				EB6C22752359DC4500101147 /* SDWebImageSwiftUI in Frameworks */,
			);
			runOnlyForDeploymentPostprocessing = 0;
		};
/* End PBXFrameworksBuildPhase section */

/* Begin PBXGroup section */
		EB05395C23300570007880BB /* Queries */ = {
			isa = PBXGroup;
			children = (
				EB54350F2322EC61004EE63F /* OrganizationsQuery.swift */,
				EB41EA5123479D2200550428 /* PublicationDateQuery.swift */,
				EB41EA552348BF0A00550428 /* PageQuery.swift */,
				EB6C226C2359090000101147 /* StatusQuery.swift */,
				EBE97AA523833DF3005CACDB /* PageFlagQuery.swift */,
			);
			path = Queries;
			sourceTree = "<group>";
		};
		EB0E5B59237B256200BC67AB /* ViewUtils */ = {
			isa = PBXGroup;
			children = (
				EB0E5B5A237B258A00BC67AB /* KeyboardResponder.swift */,
				EBA13CBA23A8D67E00FFB830 /* BottomSheetView.swift */,
				EB6A0CD223CD0ED200DD6CAE /* GridStack.swift */,
			);
			path = ViewUtils;
			sourceTree = "<group>";
		};
		EB41EA4E2347991100550428 /* PageList */ = {
			isa = PBXGroup;
			children = (
				EB41EA4F2347992A00550428 /* PageList.swift */,
				EB6C22662358C7D400101147 /* PageListCell.swift */,
				EB6A0CD023CCF2B300DD6CAE /* PageCollectionCell.swift */,
				EB6C22682358CC0C00101147 /* PageViewModel.swift */,
				EB6C226A2358CD1C00101147 /* PageModelAdapter.swift */,
				EB6C2278235E3D1500101147 /* PageFilter.swift */,
				EB6C227C235E56B600101147 /* PageFilterView.swift */,
				EB564828236EC9ED00A5925F /* ValueProvider.swift */,
			);
			path = PageList;
			sourceTree = "<group>";
		};
		EB54350E2322EC3C004EE63F /* Organizations */ = {
			isa = PBXGroup;
			children = (
				EB5435112322EC72004EE63F /* OrganizationsViewModel.swift */,
				EB5435172322F567004EE63F /* OrganizationList.swift */,
				EB5435192322F824004EE63F /* OrganizationRowViewModel.swift */,
				EBEED2362327CBE400746C69 /* ProductRowViewModel.swift */,
				EBEED2382327D46E00746C69 /* ProductRow.swift */,
				EB05395A232FF175007880BB /* OrganizationsDataSource.swift */,
			);
			path = Organizations;
			sourceTree = "<group>";
		};
		EB6C22732359DC4500101147 /* Frameworks */ = {
			isa = PBXGroup;
			children = (
			);
			name = Frameworks;
			sourceTree = "<group>";
		};
		EB6C22862368BB9500101147 /* PageDetail */ = {
			isa = PBXGroup;
			children = (
				EB6C22872368BBBF00101147 /* PageControl.swift */,
				EB6C22892368BC7F00101147 /* PageDetailsView.swift */,
				EB6C228B2368BCB400101147 /* PageViewController.swift */,
				EB6C228D2368BFD300101147 /* PageDetailView.swift */,
				EB296F65238DC3A700EE6135 /* FlagsView.swift */,
				EB296F67238DC59500EE6135 /* FlagIcon.swift */,
			);
			path = PageDetail;
			sourceTree = "<group>";
		};
		EB7B9DA222C7EDC7009EB2BE = {
			isa = PBXGroup;
			children = (
				EBEA549923BF2E1F00B88B8B /* newspilotswiftclient */,
				EB7B9DAD22C7EDC7009EB2BE /* NewspilotObserver-SwiftUI */,
				EB7B9DC722C7EDC9009EB2BE /* NewspilotObserver-SwiftUITests */,
				EB7B9DAC22C7EDC7009EB2BE /* Products */,
				EB6C22732359DC4500101147 /* Frameworks */,
			);
			sourceTree = "<group>";
		};
		EB7B9DAC22C7EDC7009EB2BE /* Products */ = {
			isa = PBXGroup;
			children = (
				EB7B9DAB22C7EDC7009EB2BE /* NewspilotObserver-SwiftUI.app */,
				EB7B9DC422C7EDC9009EB2BE /* NewspilotObserver-SwiftUITests.xctest */,
			);
			name = Products;
			sourceTree = "<group>";
		};
		EB7B9DAD22C7EDC7009EB2BE /* NewspilotObserver-SwiftUI */ = {
			isa = PBXGroup;
			children = (
				EB05395C23300570007880BB /* Queries */,
				EB7B9E5322CB3E7D009EB2BE /* Resources */,
				EB7B9E4E22C80B0B009EB2BE /* Views */,
				EB7B9E3E22C8006E009EB2BE /* Utilities */,
				EB7B9E2822C7F7AE009EB2BE /* Newspilot */,
				EB7B9E2522C7F2D1009EB2BE /* Persistance */,
				EB7B9DD922C7F0AC009EB2BE /* Entities */,
				EB7B9DAE22C7EDC7009EB2BE /* AppDelegate.swift */,
				EB7B9DB022C7EDC7009EB2BE /* SceneDelegate.swift */,
				EB7B9DB722C7EDC9009EB2BE /* Assets.xcassets */,
				EB7B9DBC22C7EDC9009EB2BE /* LaunchScreen.storyboard */,
				EB7B9DBF22C7EDC9009EB2BE /* Info.plist */,
				EB7B9DB922C7EDC9009EB2BE /* Preview Content */,
			);
			path = "NewspilotObserver-SwiftUI";
			sourceTree = "<group>";
		};
		EB7B9DB922C7EDC9009EB2BE /* Preview Content */ = {
			isa = PBXGroup;
			children = (
				EB7B9DBA22C7EDC9009EB2BE /* Preview Assets.xcassets */,
			);
			path = "Preview Content";
			sourceTree = "<group>";
		};
		EB7B9DC722C7EDC9009EB2BE /* NewspilotObserver-SwiftUITests */ = {
			isa = PBXGroup;
			children = (
				EB7B9DC822C7EDC9009EB2BE /* NewspilotObserver_SwiftUITests.swift */,
				EB6C22822360AC1300101147 /* SubProductTests.swift */,
				EB7B9DCA22C7EDC9009EB2BE /* Info.plist */,
				EB995C4523A38D97006C9F84 /* ColorExtensionTests.swift */,
			);
			path = "NewspilotObserver-SwiftUITests";
			sourceTree = "<group>";
		};
		EB7B9DD922C7F0AC009EB2BE /* Entities */ = {
			isa = PBXGroup;
			children = (
				EB54351D2322FE1D004EE63F /* Organization.swift */,
				EB54351F2322FE2D004EE63F /* Entity.swift */,
				EB5435212322FFF3004EE63F /* EntityType.swift */,
				EBF8055A23277C3D00C5590A /* Product.swift */,
				EB56C5DA232B88AC00BF84A5 /* SubProduct.swift */,
				EB41EA532347A32D00550428 /* PublicationDate.swift */,
				EB41EA572348BF7400550428 /* Page.swift */,
				EB6C226E23590AAD00101147 /* Status.swift */,
				EB6C22762359DCDC00101147 /* Section.swift */,
				EB6C22802360AAFD00101147 /* SubProductSettings.swift */,
				EB6C2284236233C100101147 /* BackKey.swift */,
				EBE97AA7238340A2005CACDB /* EntityFlag.swift */,
			);
			path = Entities;
			sourceTree = "<group>";
		};
		EB7B9E2522C7F2D1009EB2BE /* Persistance */ = {
			isa = PBXGroup;
			children = (
			);
			path = Persistance;
			sourceTree = "<group>";
		};
		EB7B9E2822C7F7AE009EB2BE /* Newspilot */ = {
			isa = PBXGroup;
			children = (
				EB7B9E2D22C7F86E009EB2BE /* Calendar+StartStop.swift */,
				EB7B9E2B22C7F86E009EB2BE /* EntityQuery.swift */,
				EB7B9E2C22C7F86E009EB2BE /* NotConnectedView.swift */,
				EB7B9E2E22C7F86E009EB2BE /* Notification.Name+ConnectionStatus.swift */,
			);
			path = Newspilot;
			sourceTree = "<group>";
		};
		EB7B9E3E22C8006E009EB2BE /* Utilities */ = {
			isa = PBXGroup;
			children = (
				EB5435152322F324004EE63F /* ColorExtensions.swift */,
				EB7B9E3F22C80087009EB2BE /* OSLog+NewspilotObserver.swift */,
				EB7B9E4022C80088009EB2BE /* ProductImageFactory.swift */,
				EB7B9E4322C80088009EB2BE /* String+UppercaseCharacters.swift */,
				EB7B9E4422C80088009EB2BE /* UIImage+Rezise.swift */,
				EB8CE4BF23317D08000A03A2 /* UserDefault.swift */,
				EB8CE4C123317D5B000A03A2 /* LoginSettings.swift */,
				EBA5F198236D6C230011E3EF /* OrderedArray.swift */,
			);
			path = Utilities;
			sourceTree = "<group>";
		};
		EB7B9E4E22C80B0B009EB2BE /* Views */ = {
			isa = PBXGroup;
			children = (
				EBDCC32D23BE09130092A6FE /* Banner */,
				EB0E5B59237B256200BC67AB /* ViewUtils */,
				EB6C22862368BB9500101147 /* PageDetail */,
				EB41EA4E2347991100550428 /* PageList */,
				EB8CE4BC233170A9000A03A2 /* Login */,
				EB953D88232C055100E65A73 /* SubProducts */,
				EB54350E2322EC3C004EE63F /* Organizations */,
				EBA13CBC23A980B500FFB830 /* ApplicationView.swift */,
			);
			path = Views;
			sourceTree = "<group>";
		};
		EB7B9E5322CB3E7D009EB2BE /* Resources */ = {
			isa = PBXGroup;
			children = (
				EBD22A2222CBFBCD000DFD41 /* Icons */,
			);
			path = Resources;
			sourceTree = "<group>";
		};
		EB8CE4BC233170A9000A03A2 /* Login */ = {
			isa = PBXGroup;
			children = (
				EB8CE4BD233170C8000A03A2 /* LoginView.swift */,
				EB6AE6FE233A8A2E0020A501 /* LoginHandler.swift */,
				EB10054223434AF500E0973F /* ActivityIndicator.swift */,
			);
			path = Login;
			sourceTree = "<group>";
		};
		EB953D88232C055100E65A73 /* SubProducts */ = {
			isa = PBXGroup;
			children = (
				EB953D89232C058800E65A73 /* SubProductList.swift */,
			);
			path = SubProducts;
			sourceTree = "<group>";
		};
		EBD22A2222CBFBCD000DFD41 /* Icons */ = {
			isa = PBXGroup;
			children = (
				EBD22A2322CBFBCD000DFD41 /* smd.png */,
				EBD22A2422CBFBCD000DFD41 /* Gota */,
				EBD22A3122CBFBCD000DFD41 /* trt.png */,
				EBD22A3222CBFBCD000DFD41 /* Product_29.png */,
				EBD22A3322CBFBCD000DFD41 /* Product_14.png */,
				EBD22A3422CBFBCD000DFD41 /* ft.png */,
				EBD22A3522CBFBCD000DFD41 /* Product_12.png */,
				EBD22A3622CBFBCD000DFD41 /* Product_10.png */,
				EBD22A3722CBFBCD000DFD41 /* Product_11.png */,
				EBD22A3822CBFBCD000DFD41 /* Product_20.png */,
				EBD22A3922CBFBCD000DFD41 /* sn.png */,
				EBD22A3A22CBFBCD000DFD41 /* EmptyPagePreview.png */,
				EBD22A3B22CBFBCD000DFD41 /* sklt.png */,
				EBD22A3C22CBFBCD000DFD41 /* EmptyPageThumb.png */,
				EBD22A3D22CBFBCD000DFD41 /* vb.png */,
			);
			path = Icons;
			sourceTree = "<group>";
		};
		EBD22A2422CBFBCD000DFD41 /* Gota */ = {
			isa = PBXGroup;
			children = (
				EBD22A2522CBFBCD000DFD41 /* Product_15.png */,
				EBD22A2622CBFBCD000DFD41 /* Product_0.png */,
				EBD22A2722CBFBCD000DFD41 /* Product_16.png */,
				EBD22A2822CBFBCD000DFD41 /* Product_13.png */,
				EBD22A2922CBFBCD000DFD41 /* Product_12.png */,
				EBD22A2A22CBFBCD000DFD41 /* Product_39.png */,
				EBD22A2B22CBFBCD000DFD41 /* Product_20.png */,
				EBD22A2C22CBFBCD000DFD41 /* Product_35.png */,
				EBD22A2D22CBFBCD000DFD41 /* Product_21.png */,
				EBD22A2E22CBFBCD000DFD41 /* Product_25.png */,
				EBD22A2F22CBFBCD000DFD41 /* Product_31.png */,
				EBD22A3022CBFBCD000DFD41 /* Product_ot.png */,
			);
			path = Gota;
			sourceTree = "<group>";
		};
		EBDCC32D23BE09130092A6FE /* Banner */ = {
			isa = PBXGroup;
			children = (
				EBDCC32E23BE092E0092A6FE /* BannerModifier.swift */,
				EBDCC33023BE09F00092A6FE /* View+Banner.swift */,
				EBF1F63C23C641D5007A5088 /* ConnectionModifier.swift */,
			);
			path = Banner;
			sourceTree = "<group>";
		};
/* End PBXGroup section */

/* Begin PBXNativeTarget section */
		EB7B9DAA22C7EDC7009EB2BE /* NewspilotObserver-SwiftUI */ = {
			isa = PBXNativeTarget;
			buildConfigurationList = EB7B9DCD22C7EDC9009EB2BE /* Build configuration list for PBXNativeTarget "NewspilotObserver-SwiftUI" */;
			buildPhases = (
				EB7B9DA722C7EDC7009EB2BE /* Sources */,
				EB7B9DA822C7EDC7009EB2BE /* Frameworks */,
				EB7B9DA922C7EDC7009EB2BE /* Resources */,
			);
			buildRules = (
			);
			dependencies = (
			);
			name = "NewspilotObserver-SwiftUI";
			packageProductDependencies = (
				EB3CC52922F34E520070139F /* Newspilot */,
				EB6C22712359D0C400101147 /* SDWebImageSwiftUI */,
				EB6A0CCE23CCDBA800DD6CAE /* QGrid */,
			);
			productName = "NewspilotObserver-SwiftUI";
			productReference = EB7B9DAB22C7EDC7009EB2BE /* NewspilotObserver-SwiftUI.app */;
			productType = "com.apple.product-type.application";
		};
		EB7B9DC322C7EDC9009EB2BE /* NewspilotObserver-SwiftUITests */ = {
			isa = PBXNativeTarget;
			buildConfigurationList = EB7B9DD022C7EDC9009EB2BE /* Build configuration list for PBXNativeTarget "NewspilotObserver-SwiftUITests" */;
			buildPhases = (
				EB7B9DC022C7EDC9009EB2BE /* Sources */,
				EB7B9DC122C7EDC9009EB2BE /* Frameworks */,
				EB7B9DC222C7EDC9009EB2BE /* Resources */,
			);
			buildRules = (
			);
			dependencies = (
				EB7B9DC622C7EDC9009EB2BE /* PBXTargetDependency */,
			);
			name = "NewspilotObserver-SwiftUITests";
			packageProductDependencies = (
				EB6C22742359DC4500101147 /* SDWebImageSwiftUI */,
			);
			productName = "NewspilotObserver-SwiftUITests";
			productReference = EB7B9DC422C7EDC9009EB2BE /* NewspilotObserver-SwiftUITests.xctest */;
			productType = "com.apple.product-type.bundle.unit-test";
		};
/* End PBXNativeTarget section */

/* Begin PBXProject section */
		EB7B9DA322C7EDC7009EB2BE /* Project object */ = {
			isa = PBXProject;
			attributes = {
				LastSwiftUpdateCheck = 1100;
				LastUpgradeCheck = 1100;
				ORGANIZATIONNAME = "Infomaker Scandinavia AB";
				TargetAttributes = {
					EB7B9DAA22C7EDC7009EB2BE = {
						CreatedOnToolsVersion = 11.0;
					};
					EB7B9DC322C7EDC9009EB2BE = {
						CreatedOnToolsVersion = 11.0;
						TestTargetID = EB7B9DAA22C7EDC7009EB2BE;
					};
				};
			};
			buildConfigurationList = EB7B9DA622C7EDC7009EB2BE /* Build configuration list for PBXProject "NewspilotObserver-SwiftUI" */;
			compatibilityVersion = "Xcode 11.0";
			developmentRegion = en;
			hasScannedForEncodings = 0;
			knownRegions = (
				en,
				Base,
			);
			mainGroup = EB7B9DA222C7EDC7009EB2BE;
			packageReferences = (
				EB3CC52822F34E520070139F /* XCRemoteSwiftPackageReference "newspilotswiftclient" */,
				EB6C22702359D0C400101147 /* XCRemoteSwiftPackageReference "SDWebImageSwiftUI" */,
				EB6A0CCD23CCDBA800DD6CAE /* XCRemoteSwiftPackageReference "QGrid" */,
			);
			productRefGroup = EB7B9DAC22C7EDC7009EB2BE /* Products */;
			projectDirPath = "";
			projectRoot = "";
			targets = (
				EB7B9DAA22C7EDC7009EB2BE /* NewspilotObserver-SwiftUI */,
				EB7B9DC322C7EDC9009EB2BE /* NewspilotObserver-SwiftUITests */,
			);
		};
/* End PBXProject section */

/* Begin PBXResourcesBuildPhase section */
		EB7B9DA922C7EDC7009EB2BE /* Resources */ = {
			isa = PBXResourcesBuildPhase;
			buildActionMask = 2147483647;
			files = (
				EB1005452346669900E0973F /* Product_10.png in Resources */,
				EB1005442346668A00E0973F /* Product_11.png in Resources */,
				EBD22A4722CBFBCD000DFD41 /* Product_21.png in Resources */,
				EB7B9DBE22C7EDC9009EB2BE /* LaunchScreen.storyboard in Resources */,
				EB7B9DBB22C7EDC9009EB2BE /* Preview Assets.xcassets in Resources */,
				EBD22A4022CBFBCD000DFD41 /* Product_0.png in Resources */,
				EBD22A4A22CBFBCD000DFD41 /* Product_ot.png in Resources */,
				EBD22A4522CBFBCD000DFD41 /* Product_20.png in Resources */,
				EBD22A4122CBFBCD000DFD41 /* Product_16.png in Resources */,
				EBD22A5422CBFBCD000DFD41 /* EmptyPagePreview.png in Resources */,
				EBD22A4622CBFBCD000DFD41 /* Product_35.png in Resources */,
				EBD22A3F22CBFBCD000DFD41 /* Product_15.png in Resources */,
				EBD22A4822CBFBCD000DFD41 /* Product_25.png in Resources */,
				EBD22A4222CBFBCD000DFD41 /* Product_13.png in Resources */,
				EBD22A4322CBFBCD000DFD41 /* Product_12.png in Resources */,
				EBD22A4422CBFBCD000DFD41 /* Product_39.png in Resources */,
				EBD22A4922CBFBCD000DFD41 /* Product_31.png in Resources */,
				EBD22A5622CBFBCD000DFD41 /* EmptyPageThumb.png in Resources */,
				EB7B9DB822C7EDC9009EB2BE /* Assets.xcassets in Resources */,
			);
			runOnlyForDeploymentPostprocessing = 0;
		};
		EB7B9DC222C7EDC9009EB2BE /* Resources */ = {
			isa = PBXResourcesBuildPhase;
			buildActionMask = 2147483647;
			files = (
			);
			runOnlyForDeploymentPostprocessing = 0;
		};
/* End PBXResourcesBuildPhase section */

/* Begin PBXSourcesBuildPhase section */
		EB7B9DA722C7EDC7009EB2BE /* Sources */ = {
			isa = PBXSourcesBuildPhase;
			buildActionMask = 2147483647;
			files = (
				EB8CE4C223317D5B000A03A2 /* LoginSettings.swift in Sources */,
				EB8CE4BE233170C8000A03A2 /* LoginView.swift in Sources */,
				EB6C22672358C7D400101147 /* PageListCell.swift in Sources */,
				EB5435122322EC72004EE63F /* OrganizationsViewModel.swift in Sources */,
				EB41EA5223479D2200550428 /* PublicationDateQuery.swift in Sources */,
				EB41EA582348BF7400550428 /* Page.swift in Sources */,
				EB5435102322EC61004EE63F /* OrganizationsQuery.swift in Sources */,
				EB54351A2322F824004EE63F /* OrganizationRowViewModel.swift in Sources */,
				EB7B9E3122C7F86E009EB2BE /* NotConnectedView.swift in Sources */,
				EB6C226D2359090000101147 /* StatusQuery.swift in Sources */,
				EB564829236EC9ED00A5925F /* ValueProvider.swift in Sources */,
				EB41EA542347A32D00550428 /* PublicationDate.swift in Sources */,
				EB6C226F23590AAD00101147 /* Status.swift in Sources */,
				EB7B9E3222C7F86E009EB2BE /* Calendar+StartStop.swift in Sources */,
				EBE97AA623833DF3005CACDB /* PageFlagQuery.swift in Sources */,
				EB7B9E3322C7F86E009EB2BE /* Notification.Name+ConnectionStatus.swift in Sources */,
				EBDCC33123BE09F00092A6FE /* View+Banner.swift in Sources */,
				EB6C22882368BBBF00101147 /* PageControl.swift in Sources */,
				EB6C228C2368BCB400101147 /* PageViewController.swift in Sources */,
				EB6C2285236233C100101147 /* BackKey.swift in Sources */,
				EB56C5DB232B88AC00BF84A5 /* SubProduct.swift in Sources */,
				EB7B9E4B22C80088009EB2BE /* UIImage+Rezise.swift in Sources */,
				EBEED2372327CBE400746C69 /* ProductRowViewModel.swift in Sources */,
				EB05395B232FF175007880BB /* OrganizationsDataSource.swift in Sources */,
				EB6C2279235E3D1500101147 /* PageFilter.swift in Sources */,
				EB7B9DAF22C7EDC7009EB2BE /* AppDelegate.swift in Sources */,
				EB5435222322FFF3004EE63F /* EntityType.swift in Sources */,
				EB7B9E3022C7F86E009EB2BE /* EntityQuery.swift in Sources */,
				EB10054323434AF500E0973F /* ActivityIndicator.swift in Sources */,
				EBA13CBB23A8D67E00FFB830 /* BottomSheetView.swift in Sources */,
				EBA5F199236D6C230011E3EF /* OrderedArray.swift in Sources */,
				EB5435182322F567004EE63F /* OrganizationList.swift in Sources */,
				EBE97AA8238340A2005CACDB /* EntityFlag.swift in Sources */,
				EB296F66238DC3A700EE6135 /* FlagsView.swift in Sources */,
				EB7B9E4722C80088009EB2BE /* ProductImageFactory.swift in Sources */,
				EBA13CBD23A980B500FFB830 /* ApplicationView.swift in Sources */,
				EB5435162322F324004EE63F /* ColorExtensions.swift in Sources */,
				EB7B9E4622C80088009EB2BE /* OSLog+NewspilotObserver.swift in Sources */,
				EB7B9E4A22C80088009EB2BE /* String+UppercaseCharacters.swift in Sources */,
				EB6C22692358CC0C00101147 /* PageViewModel.swift in Sources */,
				EB5435202322FE2D004EE63F /* Entity.swift in Sources */,
				EB41EA562348BF0A00550428 /* PageQuery.swift in Sources */,
				EBF1F63D23C641D5007A5088 /* ConnectionModifier.swift in Sources */,
				EB54351E2322FE1D004EE63F /* Organization.swift in Sources */,
				EB6A0CD323CD0ED200DD6CAE /* GridStack.swift in Sources */,
				EBDCC32F23BE092E0092A6FE /* BannerModifier.swift in Sources */,
				EB7B9DB122C7EDC7009EB2BE /* SceneDelegate.swift in Sources */,
				EB6AE6FF233A8A2E0020A501 /* LoginHandler.swift in Sources */,
				EB8CE4C023317D08000A03A2 /* UserDefault.swift in Sources */,
				EB296F68238DC59500EE6135 /* FlagIcon.swift in Sources */,
				EBF8055B23277C3D00C5590A /* Product.swift in Sources */,
				EB6C227D235E56B600101147 /* PageFilterView.swift in Sources */,
				EB6C228A2368BC7F00101147 /* PageDetailsView.swift in Sources */,
				EB6C226B2358CD1C00101147 /* PageModelAdapter.swift in Sources */,
				EB953D8A232C058800E65A73 /* SubProductList.swift in Sources */,
				EB6C22812360AAFD00101147 /* SubProductSettings.swift in Sources */,
				EB6A0CD123CCF2B300DD6CAE /* PageCollectionCell.swift in Sources */,
				EB6C228E2368BFD300101147 /* PageDetailView.swift in Sources */,
				EB6C22772359DCDC00101147 /* Section.swift in Sources */,
				EB0E5B5B237B258A00BC67AB /* KeyboardResponder.swift in Sources */,
				EBEED2392327D46E00746C69 /* ProductRow.swift in Sources */,
				EB41EA502347992A00550428 /* PageList.swift in Sources */,
			);
			runOnlyForDeploymentPostprocessing = 0;
		};
		EB7B9DC022C7EDC9009EB2BE /* Sources */ = {
			isa = PBXSourcesBuildPhase;
			buildActionMask = 2147483647;
			files = (
				EB995C4623A38D97006C9F84 /* ColorExtensionTests.swift in Sources */,
				EB6C22832360AC1300101147 /* SubProductTests.swift in Sources */,
				EB7B9DC922C7EDC9009EB2BE /* NewspilotObserver_SwiftUITests.swift in Sources */,
			);
			runOnlyForDeploymentPostprocessing = 0;
		};
/* End PBXSourcesBuildPhase section */

/* Begin PBXTargetDependency section */
		EB7B9DC622C7EDC9009EB2BE /* PBXTargetDependency */ = {
			isa = PBXTargetDependency;
			target = EB7B9DAA22C7EDC7009EB2BE /* NewspilotObserver-SwiftUI */;
			targetProxy = EB7B9DC522C7EDC9009EB2BE /* PBXContainerItemProxy */;
		};
/* End PBXTargetDependency section */

/* Begin PBXVariantGroup section */
		EB7B9DBC22C7EDC9009EB2BE /* LaunchScreen.storyboard */ = {
			isa = PBXVariantGroup;
			children = (
				EB7B9DBD22C7EDC9009EB2BE /* Base */,
			);
			name = LaunchScreen.storyboard;
			sourceTree = "<group>";
		};
/* End PBXVariantGroup section */

/* Begin XCBuildConfiguration section */
		EB7B9DCB22C7EDC9009EB2BE /* Debug */ = {
			isa = XCBuildConfiguration;
			buildSettings = {
				ALWAYS_SEARCH_USER_PATHS = NO;
				CLANG_ANALYZER_NONNULL = YES;
				CLANG_ANALYZER_NUMBER_OBJECT_CONVERSION = YES_AGGRESSIVE;
				CLANG_CXX_LANGUAGE_STANDARD = "gnu++14";
				CLANG_CXX_LIBRARY = "libc++";
				CLANG_ENABLE_MODULES = YES;
				CLANG_ENABLE_OBJC_ARC = YES;
				CLANG_ENABLE_OBJC_WEAK = YES;
				CLANG_WARN_BLOCK_CAPTURE_AUTORELEASING = YES;
				CLANG_WARN_BOOL_CONVERSION = YES;
				CLANG_WARN_COMMA = YES;
				CLANG_WARN_CONSTANT_CONVERSION = YES;
				CLANG_WARN_DEPRECATED_OBJC_IMPLEMENTATIONS = YES;
				CLANG_WARN_DIRECT_OBJC_ISA_USAGE = YES_ERROR;
				CLANG_WARN_DOCUMENTATION_COMMENTS = YES;
				CLANG_WARN_EMPTY_BODY = YES;
				CLANG_WARN_ENUM_CONVERSION = YES;
				CLANG_WARN_INFINITE_RECURSION = YES;
				CLANG_WARN_INT_CONVERSION = YES;
				CLANG_WARN_NON_LITERAL_NULL_CONVERSION = YES;
				CLANG_WARN_OBJC_IMPLICIT_RETAIN_SELF = YES;
				CLANG_WARN_OBJC_LITERAL_CONVERSION = YES;
				CLANG_WARN_OBJC_ROOT_CLASS = YES_ERROR;
				CLANG_WARN_RANGE_LOOP_ANALYSIS = YES;
				CLANG_WARN_STRICT_PROTOTYPES = YES;
				CLANG_WARN_SUSPICIOUS_MOVE = YES;
				CLANG_WARN_UNGUARDED_AVAILABILITY = YES_AGGRESSIVE;
				CLANG_WARN_UNREACHABLE_CODE = YES;
				CLANG_WARN__DUPLICATE_METHOD_MATCH = YES;
				COPY_PHASE_STRIP = NO;
				DEBUG_INFORMATION_FORMAT = dwarf;
				ENABLE_STRICT_OBJC_MSGSEND = YES;
				ENABLE_TESTABILITY = YES;
				GCC_C_LANGUAGE_STANDARD = gnu11;
				GCC_DYNAMIC_NO_PIC = NO;
				GCC_NO_COMMON_BLOCKS = YES;
				GCC_OPTIMIZATION_LEVEL = 0;
				GCC_PREPROCESSOR_DEFINITIONS = (
					"DEBUG=1",
					"$(inherited)",
				);
				GCC_WARN_64_TO_32_BIT_CONVERSION = YES;
				GCC_WARN_ABOUT_RETURN_TYPE = YES_ERROR;
				GCC_WARN_UNDECLARED_SELECTOR = YES;
				GCC_WARN_UNINITIALIZED_AUTOS = YES_AGGRESSIVE;
				GCC_WARN_UNUSED_FUNCTION = YES;
				GCC_WARN_UNUSED_VARIABLE = YES;
				IPHONEOS_DEPLOYMENT_TARGET = 13.0;
				MTL_ENABLE_DEBUG_INFO = INCLUDE_SOURCE;
				MTL_FAST_MATH = YES;
				ONLY_ACTIVE_ARCH = YES;
				SDKROOT = iphoneos;
				SWIFT_ACTIVE_COMPILATION_CONDITIONS = DEBUG;
				SWIFT_OPTIMIZATION_LEVEL = "-Onone";
			};
			name = Debug;
		};
		EB7B9DCC22C7EDC9009EB2BE /* Release */ = {
			isa = XCBuildConfiguration;
			buildSettings = {
				ALWAYS_SEARCH_USER_PATHS = NO;
				CLANG_ANALYZER_NONNULL = YES;
				CLANG_ANALYZER_NUMBER_OBJECT_CONVERSION = YES_AGGRESSIVE;
				CLANG_CXX_LANGUAGE_STANDARD = "gnu++14";
				CLANG_CXX_LIBRARY = "libc++";
				CLANG_ENABLE_MODULES = YES;
				CLANG_ENABLE_OBJC_ARC = YES;
				CLANG_ENABLE_OBJC_WEAK = YES;
				CLANG_WARN_BLOCK_CAPTURE_AUTORELEASING = YES;
				CLANG_WARN_BOOL_CONVERSION = YES;
				CLANG_WARN_COMMA = YES;
				CLANG_WARN_CONSTANT_CONVERSION = YES;
				CLANG_WARN_DEPRECATED_OBJC_IMPLEMENTATIONS = YES;
				CLANG_WARN_DIRECT_OBJC_ISA_USAGE = YES_ERROR;
				CLANG_WARN_DOCUMENTATION_COMMENTS = YES;
				CLANG_WARN_EMPTY_BODY = YES;
				CLANG_WARN_ENUM_CONVERSION = YES;
				CLANG_WARN_INFINITE_RECURSION = YES;
				CLANG_WARN_INT_CONVERSION = YES;
				CLANG_WARN_NON_LITERAL_NULL_CONVERSION = YES;
				CLANG_WARN_OBJC_IMPLICIT_RETAIN_SELF = YES;
				CLANG_WARN_OBJC_LITERAL_CONVERSION = YES;
				CLANG_WARN_OBJC_ROOT_CLASS = YES_ERROR;
				CLANG_WARN_RANGE_LOOP_ANALYSIS = YES;
				CLANG_WARN_STRICT_PROTOTYPES = YES;
				CLANG_WARN_SUSPICIOUS_MOVE = YES;
				CLANG_WARN_UNGUARDED_AVAILABILITY = YES_AGGRESSIVE;
				CLANG_WARN_UNREACHABLE_CODE = YES;
				CLANG_WARN__DUPLICATE_METHOD_MATCH = YES;
				COPY_PHASE_STRIP = NO;
				DEBUG_INFORMATION_FORMAT = "dwarf-with-dsym";
				ENABLE_NS_ASSERTIONS = NO;
				ENABLE_STRICT_OBJC_MSGSEND = YES;
				GCC_C_LANGUAGE_STANDARD = gnu11;
				GCC_NO_COMMON_BLOCKS = YES;
				GCC_WARN_64_TO_32_BIT_CONVERSION = YES;
				GCC_WARN_ABOUT_RETURN_TYPE = YES_ERROR;
				GCC_WARN_UNDECLARED_SELECTOR = YES;
				GCC_WARN_UNINITIALIZED_AUTOS = YES_AGGRESSIVE;
				GCC_WARN_UNUSED_FUNCTION = YES;
				GCC_WARN_UNUSED_VARIABLE = YES;
				IPHONEOS_DEPLOYMENT_TARGET = 13.0;
				MTL_ENABLE_DEBUG_INFO = NO;
				MTL_FAST_MATH = YES;
				SDKROOT = iphoneos;
				SWIFT_COMPILATION_MODE = wholemodule;
				SWIFT_OPTIMIZATION_LEVEL = "-O";
				VALIDATE_PRODUCT = YES;
			};
			name = Release;
		};
		EB7B9DCE22C7EDC9009EB2BE /* Debug */ = {
			isa = XCBuildConfiguration;
			buildSettings = {
				ASSETCATALOG_COMPILER_APPICON_NAME = AppIcon;
				CODE_SIGN_IDENTITY = "Apple Development";
				CODE_SIGN_STYLE = Automatic;
				DEVELOPMENT_ASSET_PATHS = "NewspilotObserver-SwiftUI/Preview\\ Content";
				DEVELOPMENT_TEAM = 9469B78B2K;
				ENABLE_PREVIEWS = YES;
				INFOPLIST_FILE = "NewspilotObserver-SwiftUI/Info.plist";
				LD_RUNPATH_SEARCH_PATHS = (
					"$(inherited)",
					"@executable_path/Frameworks",
				);
				PRODUCT_BUNDLE_IDENTIFIER = "se.infomaker.NewspilotObserver-SwiftUI";
				PRODUCT_NAME = "$(TARGET_NAME)";
				PROVISIONING_PROFILE_SPECIFIER = "";
				SWIFT_VERSION = 5.0;
				TARGETED_DEVICE_FAMILY = "1,2";
			};
			name = Debug;
		};
		EB7B9DCF22C7EDC9009EB2BE /* Release */ = {
			isa = XCBuildConfiguration;
			buildSettings = {
				ASSETCATALOG_COMPILER_APPICON_NAME = AppIcon;
				CODE_SIGN_IDENTITY = "Apple Development";
				CODE_SIGN_STYLE = Automatic;
				DEVELOPMENT_ASSET_PATHS = "NewspilotObserver-SwiftUI/Preview\\ Content";
				DEVELOPMENT_TEAM = 9469B78B2K;
				ENABLE_PREVIEWS = YES;
				INFOPLIST_FILE = "NewspilotObserver-SwiftUI/Info.plist";
				LD_RUNPATH_SEARCH_PATHS = (
					"$(inherited)",
					"@executable_path/Frameworks",
				);
				PRODUCT_BUNDLE_IDENTIFIER = "se.infomaker.NewspilotObserver-SwiftUI";
				PRODUCT_NAME = "$(TARGET_NAME)";
				PROVISIONING_PROFILE_SPECIFIER = "";
				SWIFT_VERSION = 5.0;
				TARGETED_DEVICE_FAMILY = "1,2";
			};
			name = Release;
		};
		EB7B9DD122C7EDC9009EB2BE /* Debug */ = {
			isa = XCBuildConfiguration;
			buildSettings = {
				ALWAYS_EMBED_SWIFT_STANDARD_LIBRARIES = YES;
				BUNDLE_LOADER = "$(TEST_HOST)";
				CODE_SIGN_STYLE = Automatic;
				DEVELOPMENT_TEAM = 9469B78B2K;
				INFOPLIST_FILE = "NewspilotObserver-SwiftUITests/Info.plist";
				LD_RUNPATH_SEARCH_PATHS = (
					"$(inherited)",
					"@executable_path/Frameworks",
					"@loader_path/Frameworks",
				);
				PRODUCT_BUNDLE_IDENTIFIER = "se.infomaker.NewspilotObserver-SwiftUITests";
				PRODUCT_NAME = "$(TARGET_NAME)";
				SWIFT_VERSION = 5.0;
				TARGETED_DEVICE_FAMILY = "1,2";
				TEST_HOST = "$(BUILT_PRODUCTS_DIR)/NewspilotObserver-SwiftUI.app/NewspilotObserver-SwiftUI";
			};
			name = Debug;
		};
		EB7B9DD222C7EDC9009EB2BE /* Release */ = {
			isa = XCBuildConfiguration;
			buildSettings = {
				ALWAYS_EMBED_SWIFT_STANDARD_LIBRARIES = YES;
				BUNDLE_LOADER = "$(TEST_HOST)";
				CODE_SIGN_STYLE = Automatic;
				DEVELOPMENT_TEAM = 9469B78B2K;
				INFOPLIST_FILE = "NewspilotObserver-SwiftUITests/Info.plist";
				LD_RUNPATH_SEARCH_PATHS = (
					"$(inherited)",
					"@executable_path/Frameworks",
					"@loader_path/Frameworks",
				);
				PRODUCT_BUNDLE_IDENTIFIER = "se.infomaker.NewspilotObserver-SwiftUITests";
				PRODUCT_NAME = "$(TARGET_NAME)";
				SWIFT_VERSION = 5.0;
				TARGETED_DEVICE_FAMILY = "1,2";
				TEST_HOST = "$(BUILT_PRODUCTS_DIR)/NewspilotObserver-SwiftUI.app/NewspilotObserver-SwiftUI";
			};
			name = Release;
		};
/* End XCBuildConfiguration section */

/* Begin XCConfigurationList section */
		EB7B9DA622C7EDC7009EB2BE /* Build configuration list for PBXProject "NewspilotObserver-SwiftUI" */ = {
			isa = XCConfigurationList;
			buildConfigurations = (
				EB7B9DCB22C7EDC9009EB2BE /* Debug */,
				EB7B9DCC22C7EDC9009EB2BE /* Release */,
			);
			defaultConfigurationIsVisible = 0;
			defaultConfigurationName = Release;
		};
		EB7B9DCD22C7EDC9009EB2BE /* Build configuration list for PBXNativeTarget "NewspilotObserver-SwiftUI" */ = {
			isa = XCConfigurationList;
			buildConfigurations = (
				EB7B9DCE22C7EDC9009EB2BE /* Debug */,
				EB7B9DCF22C7EDC9009EB2BE /* Release */,
			);
			defaultConfigurationIsVisible = 0;
			defaultConfigurationName = Release;
		};
		EB7B9DD022C7EDC9009EB2BE /* Build configuration list for PBXNativeTarget "NewspilotObserver-SwiftUITests" */ = {
			isa = XCConfigurationList;
			buildConfigurations = (
				EB7B9DD122C7EDC9009EB2BE /* Debug */,
				EB7B9DD222C7EDC9009EB2BE /* Release */,
			);
			defaultConfigurationIsVisible = 0;
			defaultConfigurationName = Release;
		};
/* End XCConfigurationList section */

/* Begin XCRemoteSwiftPackageReference section */
		EB3CC52822F34E520070139F /* XCRemoteSwiftPackageReference "newspilotswiftclient" */ = {
			isa = XCRemoteSwiftPackageReference;
			repositoryURL = "git@bitbucket.org:infomaker/newspilotswiftclient.git";
			requirement = {
				branch = develop;
				kind = branch;
			};
		};
		EB6A0CCD23CCDBA800DD6CAE /* XCRemoteSwiftPackageReference "QGrid" */ = {
			isa = XCRemoteSwiftPackageReference;
			repositoryURL = "https://github.com/Q-Mobile/QGrid";
			requirement = {
				kind = upToNextMajorVersion;
				minimumVersion = 0.1.3;
			};
		};
		EB6C22702359D0C400101147 /* XCRemoteSwiftPackageReference "SDWebImageSwiftUI" */ = {
			isa = XCRemoteSwiftPackageReference;
			repositoryURL = "https://github.com/SDWebImage/SDWebImageSwiftUI.git";
			requirement = {
				kind = upToNextMajorVersion;
				minimumVersion = 0.3.2;
			};
		};
/* End XCRemoteSwiftPackageReference section */

/* Begin XCSwiftPackageProductDependency section */
		EB3CC52922F34E520070139F /* Newspilot */ = {
			isa = XCSwiftPackageProductDependency;
			package = EB3CC52822F34E520070139F /* XCRemoteSwiftPackageReference "newspilotswiftclient" */;
			productName = Newspilot;
		};
		EB6A0CCE23CCDBA800DD6CAE /* QGrid */ = {
			isa = XCSwiftPackageProductDependency;
			package = EB6A0CCD23CCDBA800DD6CAE /* XCRemoteSwiftPackageReference "QGrid" */;
			productName = QGrid;
		};
		EB6C22712359D0C400101147 /* SDWebImageSwiftUI */ = {
			isa = XCSwiftPackageProductDependency;
			package = EB6C22702359D0C400101147 /* XCRemoteSwiftPackageReference "SDWebImageSwiftUI" */;
			productName = SDWebImageSwiftUI;
		};
		EB6C22742359DC4500101147 /* SDWebImageSwiftUI */ = {
			isa = XCSwiftPackageProductDependency;
			package = EB6C22702359D0C400101147 /* XCRemoteSwiftPackageReference "SDWebImageSwiftUI" */;
			productName = SDWebImageSwiftUI;
		};
/* End XCSwiftPackageProductDependency section */
	};
	rootObject = EB7B9DA322C7EDC7009EB2BE /* Project object */;
}
