// !$*UTF8*$!
{
	archiveVersion = 1;
	classes = {
	};
	objectVersion = 52;
	objects = {

/* Begin PBXBuildFile section */
		EB3CC52A22F34E520070139F /* Newspilot in Frameworks */ = {isa = PBXBuildFile; productRef = EB3CC52922F34E520070139F /* Newspilot */; };
		EB5435102322EC61004EE63F /* OrganizationsQuery.swift in Sources */ = {isa = PBXBuildFile; fileRef = EB54350F2322EC61004EE63F /* OrganizationsQuery.swift */; };
		EB5435122322EC72004EE63F /* OrganizationsViewModel.swift in Sources */ = {isa = PBXBuildFile; fileRef = EB5435112322EC72004EE63F /* OrganizationsViewModel.swift */; };
		EB5435162322F324004EE63F /* ColorExtensions.swift in Sources */ = {isa = PBXBuildFile; fileRef = EB5435152322F324004EE63F /* ColorExtensions.swift */; };
		EB5435182322F567004EE63F /* OrganizationsView.swift in Sources */ = {isa = PBXBuildFile; fileRef = EB5435172322F567004EE63F /* OrganizationsView.swift */; };
		EB54351A2322F824004EE63F /* OrganizationRowViewModel.swift in Sources */ = {isa = PBXBuildFile; fileRef = EB5435192322F824004EE63F /* OrganizationRowViewModel.swift */; };
		EB54351C2322F9F2004EE63F /* OrganizationRowView.swift in Sources */ = {isa = PBXBuildFile; fileRef = EB54351B2322F9F2004EE63F /* OrganizationRowView.swift */; };
		EB54351E2322FE1D004EE63F /* Organization.swift in Sources */ = {isa = PBXBuildFile; fileRef = EB54351D2322FE1D004EE63F /* Organization.swift */; };
		EB5435202322FE2D004EE63F /* Entity.swift in Sources */ = {isa = PBXBuildFile; fileRef = EB54351F2322FE2D004EE63F /* Entity.swift */; };
		EB5435222322FFF3004EE63F /* EntityType.swift in Sources */ = {isa = PBXBuildFile; fileRef = EB5435212322FFF3004EE63F /* EntityType.swift */; };
		EB7B9DAF22C7EDC7009EB2BE /* AppDelegate.swift in Sources */ = {isa = PBXBuildFile; fileRef = EB7B9DAE22C7EDC7009EB2BE /* AppDelegate.swift */; };
		EB7B9DB122C7EDC7009EB2BE /* SceneDelegate.swift in Sources */ = {isa = PBXBuildFile; fileRef = EB7B9DB022C7EDC7009EB2BE /* SceneDelegate.swift */; };
		EB7B9DB822C7EDC9009EB2BE /* Assets.xcassets in Resources */ = {isa = PBXBuildFile; fileRef = EB7B9DB722C7EDC9009EB2BE /* Assets.xcassets */; };
		EB7B9DBB22C7EDC9009EB2BE /* Preview Assets.xcassets in Resources */ = {isa = PBXBuildFile; fileRef = EB7B9DBA22C7EDC9009EB2BE /* Preview Assets.xcassets */; };
		EB7B9DBE22C7EDC9009EB2BE /* LaunchScreen.storyboard in Resources */ = {isa = PBXBuildFile; fileRef = EB7B9DBC22C7EDC9009EB2BE /* LaunchScreen.storyboard */; };
		EB7B9DC922C7EDC9009EB2BE /* NewspilotObserver_SwiftUITests.swift in Sources */ = {isa = PBXBuildFile; fileRef = EB7B9DC822C7EDC9009EB2BE /* NewspilotObserver_SwiftUITests.swift */; };
		EB7B9E3022C7F86E009EB2BE /* EntityQuery.swift in Sources */ = {isa = PBXBuildFile; fileRef = EB7B9E2B22C7F86E009EB2BE /* EntityQuery.swift */; };
		EB7B9E3122C7F86E009EB2BE /* NotConnectedView.swift in Sources */ = {isa = PBXBuildFile; fileRef = EB7B9E2C22C7F86E009EB2BE /* NotConnectedView.swift */; };
		EB7B9E3222C7F86E009EB2BE /* Calendar+StartStop.swift in Sources */ = {isa = PBXBuildFile; fileRef = EB7B9E2D22C7F86E009EB2BE /* Calendar+StartStop.swift */; };
		EB7B9E3322C7F86E009EB2BE /* Notification.Name+ConnectionStatus.swift in Sources */ = {isa = PBXBuildFile; fileRef = EB7B9E2E22C7F86E009EB2BE /* Notification.Name+ConnectionStatus.swift */; };
		EB7B9E4622C80088009EB2BE /* OSLog+NewspilotObserver.swift in Sources */ = {isa = PBXBuildFile; fileRef = EB7B9E3F22C80087009EB2BE /* OSLog+NewspilotObserver.swift */; };
		EB7B9E4722C80088009EB2BE /* ProductImageFactory.swift in Sources */ = {isa = PBXBuildFile; fileRef = EB7B9E4022C80088009EB2BE /* ProductImageFactory.swift */; };
		EB7B9E4A22C80088009EB2BE /* String+UppercaseCharacters.swift in Sources */ = {isa = PBXBuildFile; fileRef = EB7B9E4322C80088009EB2BE /* String+UppercaseCharacters.swift */; };
		EB7B9E4B22C80088009EB2BE /* UIImage+Rezise.swift in Sources */ = {isa = PBXBuildFile; fileRef = EB7B9E4422C80088009EB2BE /* UIImage+Rezise.swift */; };
		EBD22A3F22CBFBCD000DFD41 /* Product_15.png in Resources */ = {isa = PBXBuildFile; fileRef = EBD22A2522CBFBCD000DFD41 /* Product_15.png */; };
		EBD22A4022CBFBCD000DFD41 /* Product_0.png in Resources */ = {isa = PBXBuildFile; fileRef = EBD22A2622CBFBCD000DFD41 /* Product_0.png */; };
		EBD22A4122CBFBCD000DFD41 /* Product_16.png in Resources */ = {isa = PBXBuildFile; fileRef = EBD22A2722CBFBCD000DFD41 /* Product_16.png */; };
		EBD22A4222CBFBCD000DFD41 /* Product_13.png in Resources */ = {isa = PBXBuildFile; fileRef = EBD22A2822CBFBCD000DFD41 /* Product_13.png */; };
		EBD22A4322CBFBCD000DFD41 /* Product_12.png in Resources */ = {isa = PBXBuildFile; fileRef = EBD22A2922CBFBCD000DFD41 /* Product_12.png */; };
		EBD22A4422CBFBCD000DFD41 /* Product_39.png in Resources */ = {isa = PBXBuildFile; fileRef = EBD22A2A22CBFBCD000DFD41 /* Product_39.png */; };
		EBD22A4522CBFBCD000DFD41 /* Product_20.png in Resources */ = {isa = PBXBuildFile; fileRef = EBD22A2B22CBFBCD000DFD41 /* Product_20.png */; };
		EBD22A4622CBFBCD000DFD41 /* Product_35.png in Resources */ = {isa = PBXBuildFile; fileRef = EBD22A2C22CBFBCD000DFD41 /* Product_35.png */; };
		EBD22A4722CBFBCD000DFD41 /* Product_21.png in Resources */ = {isa = PBXBuildFile; fileRef = EBD22A2D22CBFBCD000DFD41 /* Product_21.png */; };
		EBD22A4822CBFBCD000DFD41 /* Product_25.png in Resources */ = {isa = PBXBuildFile; fileRef = EBD22A2E22CBFBCD000DFD41 /* Product_25.png */; };
		EBD22A4922CBFBCD000DFD41 /* Product_31.png in Resources */ = {isa = PBXBuildFile; fileRef = EBD22A2F22CBFBCD000DFD41 /* Product_31.png */; };
		EBD22A4A22CBFBCD000DFD41 /* Product_ot.png in Resources */ = {isa = PBXBuildFile; fileRef = EBD22A3022CBFBCD000DFD41 /* Product_ot.png */; };
		EBD22A5422CBFBCD000DFD41 /* EmptyPagePreview.png in Resources */ = {isa = PBXBuildFile; fileRef = EBD22A3A22CBFBCD000DFD41 /* EmptyPagePreview.png */; };
		EBD22A5622CBFBCD000DFD41 /* EmptyPageThumb.png in Resources */ = {isa = PBXBuildFile; fileRef = EBD22A3C22CBFBCD000DFD41 /* EmptyPageThumb.png */; };
		EBD22A5922CC059F000DFD41 /* NewspilotManager.swift in Sources */ = {isa = PBXBuildFile; fileRef = EBD22A5822CC059F000DFD41 /* NewspilotManager.swift */; };
/* End PBXBuildFile section */

/* Begin PBXContainerItemProxy section */
		EB7B9DC522C7EDC9009EB2BE /* PBXContainerItemProxy */ = {
			isa = PBXContainerItemProxy;
			containerPortal = EB7B9DA322C7EDC7009EB2BE /* Project object */;
			proxyType = 1;
			remoteGlobalIDString = EB7B9DAA22C7EDC7009EB2BE;
			remoteInfo = "NewspilotObserver-SwiftUI";
		};
/* End PBXContainerItemProxy section */

/* Begin PBXFileReference section */
		EB54350D2322C1DB004EE63F /* newspilotswiftclient */ = {isa = PBXFileReference; lastKnownFileType = folder; name = newspilotswiftclient; path = ../../NPProjekt/newspilotswiftclient; sourceTree = "<group>"; };
		EB54350F2322EC61004EE63F /* OrganizationsQuery.swift */ = {isa = PBXFileReference; lastKnownFileType = sourcecode.swift; path = OrganizationsQuery.swift; sourceTree = "<group>"; };
		EB5435112322EC72004EE63F /* OrganizationsViewModel.swift */ = {isa = PBXFileReference; lastKnownFileType = sourcecode.swift; path = OrganizationsViewModel.swift; sourceTree = "<group>"; };
		EB5435152322F324004EE63F /* ColorExtensions.swift */ = {isa = PBXFileReference; fileEncoding = 4; lastKnownFileType = sourcecode.swift; path = ColorExtensions.swift; sourceTree = "<group>"; };
		EB5435172322F567004EE63F /* OrganizationsView.swift */ = {isa = PBXFileReference; lastKnownFileType = sourcecode.swift; path = OrganizationsView.swift; sourceTree = "<group>"; };
		EB5435192322F824004EE63F /* OrganizationRowViewModel.swift */ = {isa = PBXFileReference; lastKnownFileType = sourcecode.swift; path = OrganizationRowViewModel.swift; sourceTree = "<group>"; };
		EB54351B2322F9F2004EE63F /* OrganizationRowView.swift */ = {isa = PBXFileReference; lastKnownFileType = sourcecode.swift; path = OrganizationRowView.swift; sourceTree = "<group>"; };
		EB54351D2322FE1D004EE63F /* Organization.swift */ = {isa = PBXFileReference; lastKnownFileType = sourcecode.swift; path = Organization.swift; sourceTree = "<group>"; };
		EB54351F2322FE2D004EE63F /* Entity.swift */ = {isa = PBXFileReference; lastKnownFileType = sourcecode.swift; path = Entity.swift; sourceTree = "<group>"; };
		EB5435212322FFF3004EE63F /* EntityType.swift */ = {isa = PBXFileReference; lastKnownFileType = sourcecode.swift; path = EntityType.swift; sourceTree = "<group>"; };
		EB7B9DAB22C7EDC7009EB2BE /* NewspilotObserver-SwiftUI.app */ = {isa = PBXFileReference; explicitFileType = wrapper.application; includeInIndex = 0; path = "NewspilotObserver-SwiftUI.app"; sourceTree = BUILT_PRODUCTS_DIR; };
		EB7B9DAE22C7EDC7009EB2BE /* AppDelegate.swift */ = {isa = PBXFileReference; lastKnownFileType = sourcecode.swift; path = AppDelegate.swift; sourceTree = "<group>"; };
		EB7B9DB022C7EDC7009EB2BE /* SceneDelegate.swift */ = {isa = PBXFileReference; lastKnownFileType = sourcecode.swift; path = SceneDelegate.swift; sourceTree = "<group>"; };
		EB7B9DB722C7EDC9009EB2BE /* Assets.xcassets */ = {isa = PBXFileReference; lastKnownFileType = folder.assetcatalog; path = Assets.xcassets; sourceTree = "<group>"; };
		EB7B9DBA22C7EDC9009EB2BE /* Preview Assets.xcassets */ = {isa = PBXFileReference; lastKnownFileType = folder.assetcatalog; path = "Preview Assets.xcassets"; sourceTree = "<group>"; };
		EB7B9DBD22C7EDC9009EB2BE /* Base */ = {isa = PBXFileReference; lastKnownFileType = file.storyboard; name = Base; path = Base.lproj/LaunchScreen.storyboard; sourceTree = "<group>"; };
		EB7B9DBF22C7EDC9009EB2BE /* Info.plist */ = {isa = PBXFileReference; lastKnownFileType = text.plist.xml; path = Info.plist; sourceTree = "<group>"; };
		EB7B9DC422C7EDC9009EB2BE /* NewspilotObserver-SwiftUITests.xctest */ = {isa = PBXFileReference; explicitFileType = wrapper.cfbundle; includeInIndex = 0; path = "NewspilotObserver-SwiftUITests.xctest"; sourceTree = BUILT_PRODUCTS_DIR; };
		EB7B9DC822C7EDC9009EB2BE /* NewspilotObserver_SwiftUITests.swift */ = {isa = PBXFileReference; lastKnownFileType = sourcecode.swift; path = NewspilotObserver_SwiftUITests.swift; sourceTree = "<group>"; };
		EB7B9DCA22C7EDC9009EB2BE /* Info.plist */ = {isa = PBXFileReference; lastKnownFileType = text.plist.xml; path = Info.plist; sourceTree = "<group>"; };
		EB7B9E2B22C7F86E009EB2BE /* EntityQuery.swift */ = {isa = PBXFileReference; fileEncoding = 4; lastKnownFileType = sourcecode.swift; path = EntityQuery.swift; sourceTree = "<group>"; };
		EB7B9E2C22C7F86E009EB2BE /* NotConnectedView.swift */ = {isa = PBXFileReference; fileEncoding = 4; lastKnownFileType = sourcecode.swift; path = NotConnectedView.swift; sourceTree = "<group>"; };
		EB7B9E2D22C7F86E009EB2BE /* Calendar+StartStop.swift */ = {isa = PBXFileReference; fileEncoding = 4; lastKnownFileType = sourcecode.swift; path = "Calendar+StartStop.swift"; sourceTree = "<group>"; };
		EB7B9E2E22C7F86E009EB2BE /* Notification.Name+ConnectionStatus.swift */ = {isa = PBXFileReference; fileEncoding = 4; lastKnownFileType = sourcecode.swift; path = "Notification.Name+ConnectionStatus.swift"; sourceTree = "<group>"; };
		EB7B9E3F22C80087009EB2BE /* OSLog+NewspilotObserver.swift */ = {isa = PBXFileReference; fileEncoding = 4; lastKnownFileType = sourcecode.swift; path = "OSLog+NewspilotObserver.swift"; sourceTree = "<group>"; };
		EB7B9E4022C80088009EB2BE /* ProductImageFactory.swift */ = {isa = PBXFileReference; fileEncoding = 4; lastKnownFileType = sourcecode.swift; path = ProductImageFactory.swift; sourceTree = "<group>"; };
		EB7B9E4322C80088009EB2BE /* String+UppercaseCharacters.swift */ = {isa = PBXFileReference; fileEncoding = 4; lastKnownFileType = sourcecode.swift; path = "String+UppercaseCharacters.swift"; sourceTree = "<group>"; };
		EB7B9E4422C80088009EB2BE /* UIImage+Rezise.swift */ = {isa = PBXFileReference; fileEncoding = 4; lastKnownFileType = sourcecode.swift; path = "UIImage+Rezise.swift"; sourceTree = "<group>"; };
		EBD22A2322CBFBCD000DFD41 /* smd.png */ = {isa = PBXFileReference; lastKnownFileType = image.png; path = smd.png; sourceTree = "<group>"; };
		EBD22A2522CBFBCD000DFD41 /* Product_15.png */ = {isa = PBXFileReference; lastKnownFileType = image.png; path = Product_15.png; sourceTree = "<group>"; };
		EBD22A2622CBFBCD000DFD41 /* Product_0.png */ = {isa = PBXFileReference; lastKnownFileType = image.png; path = Product_0.png; sourceTree = "<group>"; };
		EBD22A2722CBFBCD000DFD41 /* Product_16.png */ = {isa = PBXFileReference; lastKnownFileType = image.png; path = Product_16.png; sourceTree = "<group>"; };
		EBD22A2822CBFBCD000DFD41 /* Product_13.png */ = {isa = PBXFileReference; lastKnownFileType = image.png; path = Product_13.png; sourceTree = "<group>"; };
		EBD22A2922CBFBCD000DFD41 /* Product_12.png */ = {isa = PBXFileReference; lastKnownFileType = image.png; path = Product_12.png; sourceTree = "<group>"; };
		EBD22A2A22CBFBCD000DFD41 /* Product_39.png */ = {isa = PBXFileReference; lastKnownFileType = image.png; path = Product_39.png; sourceTree = "<group>"; };
		EBD22A2B22CBFBCD000DFD41 /* Product_20.png */ = {isa = PBXFileReference; lastKnownFileType = image.png; path = Product_20.png; sourceTree = "<group>"; };
		EBD22A2C22CBFBCD000DFD41 /* Product_35.png */ = {isa = PBXFileReference; lastKnownFileType = image.png; path = Product_35.png; sourceTree = "<group>"; };
		EBD22A2D22CBFBCD000DFD41 /* Product_21.png */ = {isa = PBXFileReference; lastKnownFileType = image.png; path = Product_21.png; sourceTree = "<group>"; };
		EBD22A2E22CBFBCD000DFD41 /* Product_25.png */ = {isa = PBXFileReference; lastKnownFileType = image.png; path = Product_25.png; sourceTree = "<group>"; };
		EBD22A2F22CBFBCD000DFD41 /* Product_31.png */ = {isa = PBXFileReference; lastKnownFileType = image.png; path = Product_31.png; sourceTree = "<group>"; };
		EBD22A3022CBFBCD000DFD41 /* Product_ot.png */ = {isa = PBXFileReference; lastKnownFileType = image.png; path = Product_ot.png; sourceTree = "<group>"; };
		EBD22A3122CBFBCD000DFD41 /* trt.png */ = {isa = PBXFileReference; lastKnownFileType = image.png; path = trt.png; sourceTree = "<group>"; };
		EBD22A3222CBFBCD000DFD41 /* Product_29.png */ = {isa = PBXFileReference; lastKnownFileType = image.png; path = Product_29.png; sourceTree = "<group>"; };
		EBD22A3322CBFBCD000DFD41 /* Product_14.png */ = {isa = PBXFileReference; lastKnownFileType = image.png; path = Product_14.png; sourceTree = "<group>"; };
		EBD22A3422CBFBCD000DFD41 /* ft.png */ = {isa = PBXFileReference; lastKnownFileType = image.png; path = ft.png; sourceTree = "<group>"; };
		EBD22A3522CBFBCD000DFD41 /* Product_12.png */ = {isa = PBXFileReference; lastKnownFileType = image.png; path = Product_12.png; sourceTree = "<group>"; };
		EBD22A3622CBFBCD000DFD41 /* Product_10.png */ = {isa = PBXFileReference; lastKnownFileType = image.png; path = Product_10.png; sourceTree = "<group>"; };
		EBD22A3722CBFBCD000DFD41 /* Product_11.png */ = {isa = PBXFileReference; lastKnownFileType = image.png; path = Product_11.png; sourceTree = "<group>"; };
		EBD22A3822CBFBCD000DFD41 /* Product_20.png */ = {isa = PBXFileReference; lastKnownFileType = image.png; path = Product_20.png; sourceTree = "<group>"; };
		EBD22A3922CBFBCD000DFD41 /* sn.png */ = {isa = PBXFileReference; lastKnownFileType = image.png; path = sn.png; sourceTree = "<group>"; };
		EBD22A3A22CBFBCD000DFD41 /* EmptyPagePreview.png */ = {isa = PBXFileReference; lastKnownFileType = image.png; path = EmptyPagePreview.png; sourceTree = "<group>"; };
		EBD22A3B22CBFBCD000DFD41 /* sklt.png */ = {isa = PBXFileReference; lastKnownFileType = image.png; path = sklt.png; sourceTree = "<group>"; };
		EBD22A3C22CBFBCD000DFD41 /* EmptyPageThumb.png */ = {isa = PBXFileReference; lastKnownFileType = image.png; path = EmptyPageThumb.png; sourceTree = "<group>"; };
		EBD22A3D22CBFBCD000DFD41 /* vb.png */ = {isa = PBXFileReference; lastKnownFileType = image.png; path = vb.png; sourceTree = "<group>"; };
		EBD22A5822CC059F000DFD41 /* NewspilotManager.swift */ = {isa = PBXFileReference; fileEncoding = 4; lastKnownFileType = sourcecode.swift; path = NewspilotManager.swift; sourceTree = "<group>"; };
/* End PBXFileReference section */

/* Begin PBXFrameworksBuildPhase section */
		EB7B9DA822C7EDC7009EB2BE /* Frameworks */ = {
			isa = PBXFrameworksBuildPhase;
			buildActionMask = 2147483647;
			files = (
				EB3CC52A22F34E520070139F /* Newspilot in Frameworks */,
			);
			runOnlyForDeploymentPostprocessing = 0;
		};
		EB7B9DC122C7EDC9009EB2BE /* Frameworks */ = {
			isa = PBXFrameworksBuildPhase;
			buildActionMask = 2147483647;
			files = (
			);
			runOnlyForDeploymentPostprocessing = 0;
		};
/* End PBXFrameworksBuildPhase section */

/* Begin PBXGroup section */
		EB54350E2322EC3C004EE63F /* Organizations */ = {
			isa = PBXGroup;
			children = (
				EB54350F2322EC61004EE63F /* OrganizationsQuery.swift */,
				EB5435112322EC72004EE63F /* OrganizationsViewModel.swift */,
				EB5435172322F567004EE63F /* OrganizationsView.swift */,
				EB5435192322F824004EE63F /* OrganizationRowViewModel.swift */,
				EB54351B2322F9F2004EE63F /* OrganizationRowView.swift */,
			);
			path = Organizations;
			sourceTree = "<group>";
		};
		EB7B9DA222C7EDC7009EB2BE = {
			isa = PBXGroup;
			children = (
				EB54350D2322C1DB004EE63F /* newspilotswiftclient */,
				EB7B9DAD22C7EDC7009EB2BE /* NewspilotObserver-SwiftUI */,
				EB7B9DC722C7EDC9009EB2BE /* NewspilotObserver-SwiftUITests */,
				EB7B9DAC22C7EDC7009EB2BE /* Products */,
			);
			sourceTree = "<group>";
		};
		EB7B9DAC22C7EDC7009EB2BE /* Products */ = {
			isa = PBXGroup;
			children = (
				EB7B9DAB22C7EDC7009EB2BE /* NewspilotObserver-SwiftUI.app */,
				EB7B9DC422C7EDC9009EB2BE /* NewspilotObserver-SwiftUITests.xctest */,
			);
			name = Products;
			sourceTree = "<group>";
		};
		EB7B9DAD22C7EDC7009EB2BE /* NewspilotObserver-SwiftUI */ = {
			isa = PBXGroup;
			children = (
				EB7B9E5322CB3E7D009EB2BE /* Resources */,
				EB7B9E4E22C80B0B009EB2BE /* Views */,
				EB7B9E3E22C8006E009EB2BE /* Utilities */,
				EB7B9E2822C7F7AE009EB2BE /* Newspilot */,
				EB7B9E2522C7F2D1009EB2BE /* Persistance */,
				EB7B9DD922C7F0AC009EB2BE /* Entities */,
				EB7B9DAE22C7EDC7009EB2BE /* AppDelegate.swift */,
				EB7B9DB022C7EDC7009EB2BE /* SceneDelegate.swift */,
				EB7B9DB722C7EDC9009EB2BE /* Assets.xcassets */,
				EB7B9DBC22C7EDC9009EB2BE /* LaunchScreen.storyboard */,
				EB7B9DBF22C7EDC9009EB2BE /* Info.plist */,
				EB7B9DB922C7EDC9009EB2BE /* Preview Content */,
			);
			path = "NewspilotObserver-SwiftUI";
			sourceTree = "<group>";
		};
		EB7B9DB922C7EDC9009EB2BE /* Preview Content */ = {
			isa = PBXGroup;
			children = (
				EB7B9DBA22C7EDC9009EB2BE /* Preview Assets.xcassets */,
			);
			path = "Preview Content";
			sourceTree = "<group>";
		};
		EB7B9DC722C7EDC9009EB2BE /* NewspilotObserver-SwiftUITests */ = {
			isa = PBXGroup;
			children = (
				EB7B9DC822C7EDC9009EB2BE /* NewspilotObserver_SwiftUITests.swift */,
				EB7B9DCA22C7EDC9009EB2BE /* Info.plist */,
			);
			path = "NewspilotObserver-SwiftUITests";
			sourceTree = "<group>";
		};
		EB7B9DD922C7F0AC009EB2BE /* Entities */ = {
			isa = PBXGroup;
			children = (
				EB54351D2322FE1D004EE63F /* Organization.swift */,
				EB54351F2322FE2D004EE63F /* Entity.swift */,
				EB5435212322FFF3004EE63F /* EntityType.swift */,
			);
			path = Entities;
			sourceTree = "<group>";
		};
		EB7B9E2522C7F2D1009EB2BE /* Persistance */ = {
			isa = PBXGroup;
			children = (
			);
			path = Persistance;
			sourceTree = "<group>";
		};
		EB7B9E2822C7F7AE009EB2BE /* Newspilot */ = {
			isa = PBXGroup;
			children = (
				EBD22A5822CC059F000DFD41 /* NewspilotManager.swift */,
				EB7B9E2D22C7F86E009EB2BE /* Calendar+StartStop.swift */,
				EB7B9E2B22C7F86E009EB2BE /* EntityQuery.swift */,
				EB7B9E2C22C7F86E009EB2BE /* NotConnectedView.swift */,
				EB7B9E2E22C7F86E009EB2BE /* Notification.Name+ConnectionStatus.swift */,
			);
			path = Newspilot;
			sourceTree = "<group>";
		};
		EB7B9E3E22C8006E009EB2BE /* Utilities */ = {
			isa = PBXGroup;
			children = (
				EB5435152322F324004EE63F /* ColorExtensions.swift */,
				EB7B9E3F22C80087009EB2BE /* OSLog+NewspilotObserver.swift */,
				EB7B9E4022C80088009EB2BE /* ProductImageFactory.swift */,
				EB7B9E4322C80088009EB2BE /* String+UppercaseCharacters.swift */,
				EB7B9E4422C80088009EB2BE /* UIImage+Rezise.swift */,
			);
			path = Utilities;
			sourceTree = "<group>";
		};
		EB7B9E4E22C80B0B009EB2BE /* Views */ = {
			isa = PBXGroup;
			children = (
				EB54350E2322EC3C004EE63F /* Organizations */,
			);
			path = Views;
			sourceTree = "<group>";
		};
		EB7B9E5322CB3E7D009EB2BE /* Resources */ = {
			isa = PBXGroup;
			children = (
				EBD22A2222CBFBCD000DFD41 /* Icons */,
			);
			path = Resources;
			sourceTree = "<group>";
		};
		EBD22A2222CBFBCD000DFD41 /* Icons */ = {
			isa = PBXGroup;
			children = (
				EBD22A2322CBFBCD000DFD41 /* smd.png */,
				EBD22A2422CBFBCD000DFD41 /* Gota */,
				EBD22A3122CBFBCD000DFD41 /* trt.png */,
				EBD22A3222CBFBCD000DFD41 /* Product_29.png */,
				EBD22A3322CBFBCD000DFD41 /* Product_14.png */,
				EBD22A3422CBFBCD000DFD41 /* ft.png */,
				EBD22A3522CBFBCD000DFD41 /* Product_12.png */,
				EBD22A3622CBFBCD000DFD41 /* Product_10.png */,
				EBD22A3722CBFBCD000DFD41 /* Product_11.png */,
				EBD22A3822CBFBCD000DFD41 /* Product_20.png */,
				EBD22A3922CBFBCD000DFD41 /* sn.png */,
				EBD22A3A22CBFBCD000DFD41 /* EmptyPagePreview.png */,
				EBD22A3B22CBFBCD000DFD41 /* sklt.png */,
				EBD22A3C22CBFBCD000DFD41 /* EmptyPageThumb.png */,
				EBD22A3D22CBFBCD000DFD41 /* vb.png */,
			);
			path = Icons;
			sourceTree = "<group>";
		};
		EBD22A2422CBFBCD000DFD41 /* Gota */ = {
			isa = PBXGroup;
			children = (
				EBD22A2522CBFBCD000DFD41 /* Product_15.png */,
				EBD22A2622CBFBCD000DFD41 /* Product_0.png */,
				EBD22A2722CBFBCD000DFD41 /* Product_16.png */,
				EBD22A2822CBFBCD000DFD41 /* Product_13.png */,
				EBD22A2922CBFBCD000DFD41 /* Product_12.png */,
				EBD22A2A22CBFBCD000DFD41 /* Product_39.png */,
				EBD22A2B22CBFBCD000DFD41 /* Product_20.png */,
				EBD22A2C22CBFBCD000DFD41 /* Product_35.png */,
				EBD22A2D22CBFBCD000DFD41 /* Product_21.png */,
				EBD22A2E22CBFBCD000DFD41 /* Product_25.png */,
				EBD22A2F22CBFBCD000DFD41 /* Product_31.png */,
				EBD22A3022CBFBCD000DFD41 /* Product_ot.png */,
			);
			path = Gota;
			sourceTree = "<group>";
		};
/* End PBXGroup section */

/* Begin PBXNativeTarget section */
		EB7B9DAA22C7EDC7009EB2BE /* NewspilotObserver-SwiftUI */ = {
			isa = PBXNativeTarget;
			buildConfigurationList = EB7B9DCD22C7EDC9009EB2BE /* Build configuration list for PBXNativeTarget "NewspilotObserver-SwiftUI" */;
			buildPhases = (
				EB7B9DA722C7EDC7009EB2BE /* Sources */,
				EB7B9DA822C7EDC7009EB2BE /* Frameworks */,
				EB7B9DA922C7EDC7009EB2BE /* Resources */,
			);
			buildRules = (
			);
			dependencies = (
			);
			name = "NewspilotObserver-SwiftUI";
			packageProductDependencies = (
				EB3CC52922F34E520070139F /* Newspilot */,
			);
			productName = "NewspilotObserver-SwiftUI";
			productReference = EB7B9DAB22C7EDC7009EB2BE /* NewspilotObserver-SwiftUI.app */;
			productType = "com.apple.product-type.application";
		};
		EB7B9DC322C7EDC9009EB2BE /* NewspilotObserver-SwiftUITests */ = {
			isa = PBXNativeTarget;
			buildConfigurationList = EB7B9DD022C7EDC9009EB2BE /* Build configuration list for PBXNativeTarget "NewspilotObserver-SwiftUITests" */;
			buildPhases = (
				EB7B9DC022C7EDC9009EB2BE /* Sources */,
				EB7B9DC122C7EDC9009EB2BE /* Frameworks */,
				EB7B9DC222C7EDC9009EB2BE /* Resources */,
			);
			buildRules = (
			);
			dependencies = (
				EB7B9DC622C7EDC9009EB2BE /* PBXTargetDependency */,
			);
			name = "NewspilotObserver-SwiftUITests";
			productName = "NewspilotObserver-SwiftUITests";
			productReference = EB7B9DC422C7EDC9009EB2BE /* NewspilotObserver-SwiftUITests.xctest */;
			productType = "com.apple.product-type.bundle.unit-test";
		};
/* End PBXNativeTarget section */

/* Begin PBXProject section */
		EB7B9DA322C7EDC7009EB2BE /* Project object */ = {
			isa = PBXProject;
			attributes = {
				LastSwiftUpdateCheck = 1100;
				LastUpgradeCheck = 1100;
				ORGANIZATIONNAME = "Infomaker Scandinavia AB";
				TargetAttributes = {
					EB7B9DAA22C7EDC7009EB2BE = {
						CreatedOnToolsVersion = 11.0;
					};
					EB7B9DC322C7EDC9009EB2BE = {
						CreatedOnToolsVersion = 11.0;
						TestTargetID = EB7B9DAA22C7EDC7009EB2BE;
					};
				};
			};
			buildConfigurationList = EB7B9DA622C7EDC7009EB2BE /* Build configuration list for PBXProject "NewspilotObserver-SwiftUI" */;
			compatibilityVersion = "Xcode 11.0";
			developmentRegion = en;
			hasScannedForEncodings = 0;
			knownRegions = (
				en,
				Base,
			);
			mainGroup = EB7B9DA222C7EDC7009EB2BE;
			packageReferences = (
				EB3CC52822F34E520070139F /* XCRemoteSwiftPackageReference "newspilotswiftclient" */,
			);
			productRefGroup = EB7B9DAC22C7EDC7009EB2BE /* Products */;
			projectDirPath = "";
			projectRoot = "";
			targets = (
				EB7B9DAA22C7EDC7009EB2BE /* NewspilotObserver-SwiftUI */,
				EB7B9DC322C7EDC9009EB2BE /* NewspilotObserver-SwiftUITests */,
			);
		};
/* End PBXProject section */

/* Begin PBXResourcesBuildPhase section */
		EB7B9DA922C7EDC7009EB2BE /* Resources */ = {
			isa = PBXResourcesBuildPhase;
			buildActionMask = 2147483647;
			files = (
				EBD22A4722CBFBCD000DFD41 /* Product_21.png in Resources */,
				EB7B9DBE22C7EDC9009EB2BE /* LaunchScreen.storyboard in Resources */,
				EB7B9DBB22C7EDC9009EB2BE /* Preview Assets.xcassets in Resources */,
				EBD22A4022CBFBCD000DFD41 /* Product_0.png in Resources */,
				EBD22A4A22CBFBCD000DFD41 /* Product_ot.png in Resources */,
				EBD22A4522CBFBCD000DFD41 /* Product_20.png in Resources */,
				EBD22A4122CBFBCD000DFD41 /* Product_16.png in Resources */,
				EBD22A5422CBFBCD000DFD41 /* EmptyPagePreview.png in Resources */,
				EBD22A4622CBFBCD000DFD41 /* Product_35.png in Resources */,
				EBD22A3F22CBFBCD000DFD41 /* Product_15.png in Resources */,
				EBD22A4822CBFBCD000DFD41 /* Product_25.png in Resources */,
				EBD22A4222CBFBCD000DFD41 /* Product_13.png in Resources */,
				EBD22A4322CBFBCD000DFD41 /* Product_12.png in Resources */,
				EBD22A4422CBFBCD000DFD41 /* Product_39.png in Resources */,
				EBD22A4922CBFBCD000DFD41 /* Product_31.png in Resources */,
				EBD22A5622CBFBCD000DFD41 /* EmptyPageThumb.png in Resources */,
				EB7B9DB822C7EDC9009EB2BE /* Assets.xcassets in Resources */,
			);
			runOnlyForDeploymentPostprocessing = 0;
		};
		EB7B9DC222C7EDC9009EB2BE /* Resources */ = {
			isa = PBXResourcesBuildPhase;
			buildActionMask = 2147483647;
			files = (
			);
			runOnlyForDeploymentPostprocessing = 0;
		};
/* End PBXResourcesBuildPhase section */

/* Begin PBXSourcesBuildPhase section */
		EB7B9DA722C7EDC7009EB2BE /* Sources */ = {
			isa = PBXSourcesBuildPhase;
			buildActionMask = 2147483647;
			files = (
				EB5435122322EC72004EE63F /* OrganizationsViewModel.swift in Sources */,
				EB5435102322EC61004EE63F /* OrganizationsQuery.swift in Sources */,
				EB54351A2322F824004EE63F /* OrganizationRowViewModel.swift in Sources */,
				EB7B9E3122C7F86E009EB2BE /* NotConnectedView.swift in Sources */,
				EB7B9E3222C7F86E009EB2BE /* Calendar+StartStop.swift in Sources */,
				EB7B9E3322C7F86E009EB2BE /* Notification.Name+ConnectionStatus.swift in Sources */,
				EB7B9E4B22C80088009EB2BE /* UIImage+Rezise.swift in Sources */,
				EB54351C2322F9F2004EE63F /* OrganizationRowView.swift in Sources */,
				EB7B9DAF22C7EDC7009EB2BE /* AppDelegate.swift in Sources */,
				EBD22A5922CC059F000DFD41 /* NewspilotManager.swift in Sources */,
				EB5435222322FFF3004EE63F /* EntityType.swift in Sources */,
				EB7B9E3022C7F86E009EB2BE /* EntityQuery.swift in Sources */,
				EB5435182322F567004EE63F /* OrganizationsView.swift in Sources */,
				EB7B9E4722C80088009EB2BE /* ProductImageFactory.swift in Sources */,
				EB5435162322F324004EE63F /* ColorExtensions.swift in Sources */,
				EB7B9E4622C80088009EB2BE /* OSLog+NewspilotObserver.swift in Sources */,
				EB7B9E4A22C80088009EB2BE /* String+UppercaseCharacters.swift in Sources */,
				EB5435202322FE2D004EE63F /* Entity.swift in Sources */,
				EB54351E2322FE1D004EE63F /* Organization.swift in Sources */,
				EB7B9DB122C7EDC7009EB2BE /* SceneDelegate.swift in Sources */,
			);
			runOnlyForDeploymentPostprocessing = 0;
		};
		EB7B9DC022C7EDC9009EB2BE /* Sources */ = {
			isa = PBXSourcesBuildPhase;
			buildActionMask = 2147483647;
			files = (
				EB7B9DC922C7EDC9009EB2BE /* NewspilotObserver_SwiftUITests.swift in Sources */,
			);
			runOnlyForDeploymentPostprocessing = 0;
		};
/* End PBXSourcesBuildPhase section */

/* Begin PBXTargetDependency section */
		EB7B9DC622C7EDC9009EB2BE /* PBXTargetDependency */ = {
			isa = PBXTargetDependency;
			target = EB7B9DAA22C7EDC7009EB2BE /* NewspilotObserver-SwiftUI */;
			targetProxy = EB7B9DC522C7EDC9009EB2BE /* PBXContainerItemProxy */;
		};
/* End PBXTargetDependency section */

/* Begin PBXVariantGroup section */
		EB7B9DBC22C7EDC9009EB2BE /* LaunchScreen.storyboard */ = {
			isa = PBXVariantGroup;
			children = (
				EB7B9DBD22C7EDC9009EB2BE /* Base */,
			);
			name = LaunchScreen.storyboard;
			sourceTree = "<group>";
		};
/* End PBXVariantGroup section */

/* Begin XCBuildConfiguration section */
		EB7B9DCB22C7EDC9009EB2BE /* Debug */ = {
			isa = XCBuildConfiguration;
			buildSettings = {
				ALWAYS_SEARCH_USER_PATHS = NO;
				CLANG_ANALYZER_NONNULL = YES;
				CLANG_ANALYZER_NUMBER_OBJECT_CONVERSION = YES_AGGRESSIVE;
				CLANG_CXX_LANGUAGE_STANDARD = "gnu++14";
				CLANG_CXX_LIBRARY = "libc++";
				CLANG_ENABLE_MODULES = YES;
				CLANG_ENABLE_OBJC_ARC = YES;
				CLANG_ENABLE_OBJC_WEAK = YES;
				CLANG_WARN_BLOCK_CAPTURE_AUTORELEASING = YES;
				CLANG_WARN_BOOL_CONVERSION = YES;
				CLANG_WARN_COMMA = YES;
				CLANG_WARN_CONSTANT_CONVERSION = YES;
				CLANG_WARN_DEPRECATED_OBJC_IMPLEMENTATIONS = YES;
				CLANG_WARN_DIRECT_OBJC_ISA_USAGE = YES_ERROR;
				CLANG_WARN_DOCUMENTATION_COMMENTS = YES;
				CLANG_WARN_EMPTY_BODY = YES;
				CLANG_WARN_ENUM_CONVERSION = YES;
				CLANG_WARN_INFINITE_RECURSION = YES;
				CLANG_WARN_INT_CONVERSION = YES;
				CLANG_WARN_NON_LITERAL_NULL_CONVERSION = YES;
				CLANG_WARN_OBJC_IMPLICIT_RETAIN_SELF = YES;
				CLANG_WARN_OBJC_LITERAL_CONVERSION = YES;
				CLANG_WARN_OBJC_ROOT_CLASS = YES_ERROR;
				CLANG_WARN_RANGE_LOOP_ANALYSIS = YES;
				CLANG_WARN_STRICT_PROTOTYPES = YES;
				CLANG_WARN_SUSPICIOUS_MOVE = YES;
				CLANG_WARN_UNGUARDED_AVAILABILITY = YES_AGGRESSIVE;
				CLANG_WARN_UNREACHABLE_CODE = YES;
				CLANG_WARN__DUPLICATE_METHOD_MATCH = YES;
				COPY_PHASE_STRIP = NO;
				DEBUG_INFORMATION_FORMAT = dwarf;
				ENABLE_STRICT_OBJC_MSGSEND = YES;
				ENABLE_TESTABILITY = YES;
				GCC_C_LANGUAGE_STANDARD = gnu11;
				GCC_DYNAMIC_NO_PIC = NO;
				GCC_NO_COMMON_BLOCKS = YES;
				GCC_OPTIMIZATION_LEVEL = 0;
				GCC_PREPROCESSOR_DEFINITIONS = (
					"DEBUG=1",
					"$(inherited)",
				);
				GCC_WARN_64_TO_32_BIT_CONVERSION = YES;
				GCC_WARN_ABOUT_RETURN_TYPE = YES_ERROR;
				GCC_WARN_UNDECLARED_SELECTOR = YES;
				GCC_WARN_UNINITIALIZED_AUTOS = YES_AGGRESSIVE;
				GCC_WARN_UNUSED_FUNCTION = YES;
				GCC_WARN_UNUSED_VARIABLE = YES;
				IPHONEOS_DEPLOYMENT_TARGET = 13.0;
				MTL_ENABLE_DEBUG_INFO = INCLUDE_SOURCE;
				MTL_FAST_MATH = YES;
				ONLY_ACTIVE_ARCH = YES;
				SDKROOT = iphoneos;
				SWIFT_ACTIVE_COMPILATION_CONDITIONS = DEBUG;
				SWIFT_OPTIMIZATION_LEVEL = "-Onone";
			};
			name = Debug;
		};
		EB7B9DCC22C7EDC9009EB2BE /* Release */ = {
			isa = XCBuildConfiguration;
			buildSettings = {
				ALWAYS_SEARCH_USER_PATHS = NO;
				CLANG_ANALYZER_NONNULL = YES;
				CLANG_ANALYZER_NUMBER_OBJECT_CONVERSION = YES_AGGRESSIVE;
				CLANG_CXX_LANGUAGE_STANDARD = "gnu++14";
				CLANG_CXX_LIBRARY = "libc++";
				CLANG_ENABLE_MODULES = YES;
				CLANG_ENABLE_OBJC_ARC = YES;
				CLANG_ENABLE_OBJC_WEAK = YES;
				CLANG_WARN_BLOCK_CAPTURE_AUTORELEASING = YES;
				CLANG_WARN_BOOL_CONVERSION = YES;
				CLANG_WARN_COMMA = YES;
				CLANG_WARN_CONSTANT_CONVERSION = YES;
				CLANG_WARN_DEPRECATED_OBJC_IMPLEMENTATIONS = YES;
				CLANG_WARN_DIRECT_OBJC_ISA_USAGE = YES_ERROR;
				CLANG_WARN_DOCUMENTATION_COMMENTS = YES;
				CLANG_WARN_EMPTY_BODY = YES;
				CLANG_WARN_ENUM_CONVERSION = YES;
				CLANG_WARN_INFINITE_RECURSION = YES;
				CLANG_WARN_INT_CONVERSION = YES;
				CLANG_WARN_NON_LITERAL_NULL_CONVERSION = YES;
				CLANG_WARN_OBJC_IMPLICIT_RETAIN_SELF = YES;
				CLANG_WARN_OBJC_LITERAL_CONVERSION = YES;
				CLANG_WARN_OBJC_ROOT_CLASS = YES_ERROR;
				CLANG_WARN_RANGE_LOOP_ANALYSIS = YES;
				CLANG_WARN_STRICT_PROTOTYPES = YES;
				CLANG_WARN_SUSPICIOUS_MOVE = YES;
				CLANG_WARN_UNGUARDED_AVAILABILITY = YES_AGGRESSIVE;
				CLANG_WARN_UNREACHABLE_CODE = YES;
				CLANG_WARN__DUPLICATE_METHOD_MATCH = YES;
				COPY_PHASE_STRIP = NO;
				DEBUG_INFORMATION_FORMAT = "dwarf-with-dsym";
				ENABLE_NS_ASSERTIONS = NO;
				ENABLE_STRICT_OBJC_MSGSEND = YES;
				GCC_C_LANGUAGE_STANDARD = gnu11;
				GCC_NO_COMMON_BLOCKS = YES;
				GCC_WARN_64_TO_32_BIT_CONVERSION = YES;
				GCC_WARN_ABOUT_RETURN_TYPE = YES_ERROR;
				GCC_WARN_UNDECLARED_SELECTOR = YES;
				GCC_WARN_UNINITIALIZED_AUTOS = YES_AGGRESSIVE;
				GCC_WARN_UNUSED_FUNCTION = YES;
				GCC_WARN_UNUSED_VARIABLE = YES;
				IPHONEOS_DEPLOYMENT_TARGET = 13.0;
				MTL_ENABLE_DEBUG_INFO = NO;
				MTL_FAST_MATH = YES;
				SDKROOT = iphoneos;
				SWIFT_COMPILATION_MODE = wholemodule;
				SWIFT_OPTIMIZATION_LEVEL = "-O";
				VALIDATE_PRODUCT = YES;
			};
			name = Release;
		};
		EB7B9DCE22C7EDC9009EB2BE /* Debug */ = {
			isa = XCBuildConfiguration;
			buildSettings = {
				ASSETCATALOG_COMPILER_APPICON_NAME = AppIcon;
				CODE_SIGN_STYLE = Automatic;
				DEVELOPMENT_ASSET_PATHS = "NewspilotObserver-SwiftUI/Preview\\ Content";
				DEVELOPMENT_TEAM = JJK5286KRP;
				ENABLE_PREVIEWS = YES;
				INFOPLIST_FILE = "NewspilotObserver-SwiftUI/Info.plist";
				LD_RUNPATH_SEARCH_PATHS = (
					"$(inherited)",
					"@executable_path/Frameworks",
				);
				PRODUCT_BUNDLE_IDENTIFIER = "se.infomaker.NewspilotObserver-SwiftUI";
				PRODUCT_NAME = "$(TARGET_NAME)";
				SWIFT_VERSION = 5.0;
				TARGETED_DEVICE_FAMILY = "1,2";
			};
			name = Debug;
		};
		EB7B9DCF22C7EDC9009EB2BE /* Release */ = {
			isa = XCBuildConfiguration;
			buildSettings = {
				ASSETCATALOG_COMPILER_APPICON_NAME = AppIcon;
				CODE_SIGN_STYLE = Automatic;
				DEVELOPMENT_ASSET_PATHS = "NewspilotObserver-SwiftUI/Preview\\ Content";
				DEVELOPMENT_TEAM = JJK5286KRP;
				ENABLE_PREVIEWS = YES;
				INFOPLIST_FILE = "NewspilotObserver-SwiftUI/Info.plist";
				LD_RUNPATH_SEARCH_PATHS = (
					"$(inherited)",
					"@executable_path/Frameworks",
				);
				PRODUCT_BUNDLE_IDENTIFIER = "se.infomaker.NewspilotObserver-SwiftUI";
				PRODUCT_NAME = "$(TARGET_NAME)";
				SWIFT_VERSION = 5.0;
				TARGETED_DEVICE_FAMILY = "1,2";
			};
			name = Release;
		};
		EB7B9DD122C7EDC9009EB2BE /* Debug */ = {
			isa = XCBuildConfiguration;
			buildSettings = {
				ALWAYS_EMBED_SWIFT_STANDARD_LIBRARIES = YES;
				BUNDLE_LOADER = "$(TEST_HOST)";
				CODE_SIGN_STYLE = Automatic;
				DEVELOPMENT_TEAM = JJK5286KRP;
				INFOPLIST_FILE = "NewspilotObserver-SwiftUITests/Info.plist";
				LD_RUNPATH_SEARCH_PATHS = (
					"$(inherited)",
					"@executable_path/Frameworks",
					"@loader_path/Frameworks",
				);
				PRODUCT_BUNDLE_IDENTIFIER = "se.infomaker.NewspilotObserver-SwiftUITests";
				PRODUCT_NAME = "$(TARGET_NAME)";
				SWIFT_VERSION = 5.0;
				TARGETED_DEVICE_FAMILY = "1,2";
				TEST_HOST = "$(BUILT_PRODUCTS_DIR)/NewspilotObserver-SwiftUI.app/NewspilotObserver-SwiftUI";
			};
			name = Debug;
		};
		EB7B9DD222C7EDC9009EB2BE /* Release */ = {
			isa = XCBuildConfiguration;
			buildSettings = {
				ALWAYS_EMBED_SWIFT_STANDARD_LIBRARIES = YES;
				BUNDLE_LOADER = "$(TEST_HOST)";
				CODE_SIGN_STYLE = Automatic;
				DEVELOPMENT_TEAM = JJK5286KRP;
				INFOPLIST_FILE = "NewspilotObserver-SwiftUITests/Info.plist";
				LD_RUNPATH_SEARCH_PATHS = (
					"$(inherited)",
					"@executable_path/Frameworks",
					"@loader_path/Frameworks",
				);
				PRODUCT_BUNDLE_IDENTIFIER = "se.infomaker.NewspilotObserver-SwiftUITests";
				PRODUCT_NAME = "$(TARGET_NAME)";
				SWIFT_VERSION = 5.0;
				TARGETED_DEVICE_FAMILY = "1,2";
				TEST_HOST = "$(BUILT_PRODUCTS_DIR)/NewspilotObserver-SwiftUI.app/NewspilotObserver-SwiftUI";
			};
			name = Release;
		};
/* End XCBuildConfiguration section */

/* Begin XCConfigurationList section */
		EB7B9DA622C7EDC7009EB2BE /* Build configuration list for PBXProject "NewspilotObserver-SwiftUI" */ = {
			isa = XCConfigurationList;
			buildConfigurations = (
				EB7B9DCB22C7EDC9009EB2BE /* Debug */,
				EB7B9DCC22C7EDC9009EB2BE /* Release */,
			);
			defaultConfigurationIsVisible = 0;
			defaultConfigurationName = Release;
		};
		EB7B9DCD22C7EDC9009EB2BE /* Build configuration list for PBXNativeTarget "NewspilotObserver-SwiftUI" */ = {
			isa = XCConfigurationList;
			buildConfigurations = (
				EB7B9DCE22C7EDC9009EB2BE /* Debug */,
				EB7B9DCF22C7EDC9009EB2BE /* Release */,
			);
			defaultConfigurationIsVisible = 0;
			defaultConfigurationName = Release;
		};
		EB7B9DD022C7EDC9009EB2BE /* Build configuration list for PBXNativeTarget "NewspilotObserver-SwiftUITests" */ = {
			isa = XCConfigurationList;
			buildConfigurations = (
				EB7B9DD122C7EDC9009EB2BE /* Debug */,
				EB7B9DD222C7EDC9009EB2BE /* Release */,
			);
			defaultConfigurationIsVisible = 0;
			defaultConfigurationName = Release;
		};
/* End XCConfigurationList section */

/* Begin XCRemoteSwiftPackageReference section */
		EB3CC52822F34E520070139F /* XCRemoteSwiftPackageReference "newspilotswiftclient" */ = {
			isa = XCRemoteSwiftPackageReference;
			repositoryURL = "git@bitbucket.org:infomaker/newspilotswiftclient.git";
			requirement = {
				branch = feature/combine;
				kind = branch;
			};
		};
/* End XCRemoteSwiftPackageReference section */

/* Begin XCSwiftPackageProductDependency section */
		EB3CC52922F34E520070139F /* Newspilot */ = {
			isa = XCSwiftPackageProductDependency;
			package = EB3CC52822F34E520070139F /* XCRemoteSwiftPackageReference "newspilotswiftclient" */;
			productName = Newspilot;
		};
/* End XCSwiftPackageProductDependency section */
	};
	rootObject = EB7B9DA322C7EDC7009EB2BE /* Project object */;
}
