{
  "object": {
    "pins": [
      {
        "package": "Newspilot",
        "repositoryURL": "git@bitbucket.org:infomaker/newspilotswiftclient.git",
        "state": {
          "branch": "develop",
          "revision": "dbec674a883f69ec92c360dd590292f35d31ae38",
          "version": null
        }
      },
      {
        "package": "SDWebImage",
        "repositoryURL": "https://github.com/SDWebImage/SDWebImage.git",
        "state": {
          "branch": null,
          "revision": "7adc385b7d9aa758fb5073bcea478f31293c4e40",
          "version": "5.3.1"
        }
      },
      {
        "package": "SDWebImageSwiftUI",
        "repositoryURL": "https://github.com/SDWebImage/SDWebImageSwiftUI.git",
        "state": {
          "branch": null,
          "revision": "b32d3ca8f18178da88df0d107bf436aea52b818b",
          "version": "1.0.0-beta3"
        }
      },
      {
        "package": "Starscream",
        "repositoryURL": "https://github.com/daltoniam/Starscream.git",
        "state": {
          "branch": null,
          "revision": "e6b65c6d9077ea48b4a7bdda8994a1d3c6969c8d",
          "version": "3.1.1"
        }
      },
      {
        "package": "swift-nio-zlib-support",
        "repositoryURL": "https://github.com/apple/swift-nio-zlib-support.git",
        "state": {
          "branch": null,
          "revision": "37760e9a52030bb9011972c5213c3350fa9d41fd",
          "version": "1.0.0"
        }
      }
    ]
  },
  "version": 1
}
