{
  "object": {
    "pins": [
      {
        "package": "Newspilot",
        "repositoryURL": "git@bitbucket.org:infomaker/newspilotswiftclient.git",
        "state": {
          "branch": "feature/combine",
          "revision": "d01ffcb541551363aa94a95429bae0f1a71a147b",
          "version": null
        }
      },
      {
        "package": "Starscream",
        "repositoryURL": "https://github.com/daltoniam/Starscream.git",
        "state": {
          "branch": null,
          "revision": "9c03ef715d1bc9334b446c90df53586dd38cf849",
          "version": "3.1.0"
        }
      }
    ]
  },
  "version": 1
}
